// !$*UTF8*$!
{
	archiveVersion = 1;
	classes = {
	};
	objectVersion = 77;
	objects = {

/* Begin PBXBuildFile section */
		0512C626C2B7E63DA47027D6 /* BlueskyListServicing.swift in Sources */ = {isa = PBXBuildFile; fileRef = 7E19ABD0130D0DC00A52ED38 /* BlueskyListServicing.swift */; };
		06F7D806B2C3522A82D3A99A /* LoadableState.swift in Sources */ = {isa = PBXBuildFile; fileRef = 69EC0405E28F2993D2F08CD9 /* LoadableState.swift */; };
		08EB742F3AE1C460EE990875 /* ModerationWorkspaceStore.swift in Sources */ = {isa = PBXBuildFile; fileRef = 8276C95D84E24D1C7E651B65 /* ModerationWorkspaceStore.swift */; };
		0AFF9FE27EBBC108A9850FC6 /* BlueskyProfileServiceTests.swift in Sources */ = {isa = PBXBuildFile; fileRef = F6BCC2E559B5C44D603CAEA0 /* BlueskyProfileServiceTests.swift */; };
		121BF1E5DD44EEE41545C343 /* BlueskyListService.swift in Sources */ = {isa = PBXBuildFile; fileRef = A5A66DCBAD6A830220641347 /* BlueskyListService.swift */; };
		13BF687163F3A2FC9A88AA04 /* AccountSummaryCard.swift in Sources */ = {isa = PBXBuildFile; fileRef = E02F73A9B4075276A0DA42A2 /* AccountSummaryCard.swift */; };
		1451E14BA474137BB905A6A6 /* URL+Bluesky.swift in Sources */ = {isa = PBXBuildFile; fileRef = F04D96EE5014E7DB9DA13C19 /* URL+Bluesky.swift */; };
		178D70F028B5C4268AA7124E /* ProfileMembershipModels.swift in Sources */ = {isa = PBXBuildFile; fileRef = AB79ABBA6F2ED069100538D3 /* ProfileMembershipModels.swift */; };
		189FA455C5241B0C5451208C /* AccountStore.swift in Sources */ = {isa = PBXBuildFile; fileRef = D0343E7705C27F52D7BD3B03 /* AccountStore.swift */; };
		1B362E45A02E3DF1A7EF962C /* BlueskyProfileView.swift in Sources */ = {isa = PBXBuildFile; fileRef = 90F621A53763D04B73DCF960 /* BlueskyProfileView.swift */; };
		21F961EE9D4E554A91E4AC70 /* BlueskySessionService.swift in Sources */ = {isa = PBXBuildFile; fileRef = 03561C1580449FBB58D3E623 /* BlueskySessionService.swift */; };
		23529560224DEA5BC267E083 /* AccountStoreTests.swift in Sources */ = {isa = PBXBuildFile; fileRef = 10D07E6C7A66F0B643E889E0 /* AccountStoreTests.swift */; };
		2A361832265E870EAA9D4997 /* WorkspacePreferencesStore.swift in Sources */ = {isa = PBXBuildFile; fileRef = 0FA3F299400BF2699443484B /* WorkspacePreferencesStore.swift */; };
		2A5C54BEF7D9B3596765D3B7 /* ListRowView.swift in Sources */ = {isa = PBXBuildFile; fileRef = 5726B67E2FB6C49AD66393D0 /* ListRowView.swift */; };
		2CB92A8E77AA4D6B6D6AE3A9 /* ListDetailView.swift in Sources */ = {isa = PBXBuildFile; fileRef = 126E29C1EE615694DF95553D /* ListDetailView.swift */; };
		2DCEF11C03A8F8DC42E406EA /* ListBatchControllerTests.swift in Sources */ = {isa = PBXBuildFile; fileRef = 716958F8AD16557192CEC1E9 /* ListBatchControllerTests.swift */; };
		2DD6A7326E46DFC9DFBFE88D /* BlueskyModerationApp.swift in Sources */ = {isa = PBXBuildFile; fileRef = BC391D2CC0B10AF7D5785121 /* BlueskyModerationApp.swift */; };
		2E1D99A664E1747B58EDCDA1 /* AppErrorTests.swift in Sources */ = {isa = PBXBuildFile; fileRef = 469935F895D8EE703F5A60C3 /* AppErrorTests.swift */; };
		30F4D56FFAA1630DC9192E2C /* BulkProfileLookupViewModel.swift in Sources */ = {isa = PBXBuildFile; fileRef = F982B765138381E62C838174 /* BulkProfileLookupViewModel.swift */; };
		3416BB3C2276A7D57F86B9AA /* DashboardCache.swift in Sources */ = {isa = PBXBuildFile; fileRef = A59AA1ED0E3DB179E3F2B921 /* DashboardCache.swift */; };
		34464420AD723967E1569B62 /* ListDetailViewModel.swift in Sources */ = {isa = PBXBuildFile; fileRef = EBE960440B30CBC64A390168 /* ListDetailViewModel.swift */; };
		370BAE15512660E3169D0BD3 /* ListDetailSheets.swift in Sources */ = {isa = PBXBuildFile; fileRef = 504E97996E88A5FB4E5747DA /* ListDetailSheets.swift */; };
		38C75234FE676706D9257CFF /* BlueskyProfileService.swift in Sources */ = {isa = PBXBuildFile; fileRef = 08CDD4AC481D588629B31A73 /* BlueskyProfileService.swift */; };
		3EAD01291224F057BC41176D /* ListsViewModelTests.swift in Sources */ = {isa = PBXBuildFile; fileRef = B4163CB401DA247B6429425C /* ListsViewModelTests.swift */; };
		43D9E9FB9FF600E8583EF130 /* ListDetailViewModelTests.swift in Sources */ = {isa = PBXBuildFile; fileRef = 534DC720311468689A2BBED1 /* ListDetailViewModelTests.swift */; };
		451F236DC593ED94290314C7 /* URLBlueskyTests.swift in Sources */ = {isa = PBXBuildFile; fileRef = 57EDE39D8677A2762DCA0C35 /* URLBlueskyTests.swift */; };
		4672C06BC5818627A361E4E6 /* ActionQueueStoreTests.swift in Sources */ = {isa = PBXBuildFile; fileRef = 6E232489A3D1AD6D0B6E7497 /* ActionQueueStoreTests.swift */; };
		47004735F9E5C065D7CE10E2 /* ListDetailSnapshotSection.swift in Sources */ = {isa = PBXBuildFile; fileRef = 390E45D6B465D6470D878D0D /* ListDetailSnapshotSection.swift */; };
		486CF862075A6505E5BBF479 /* ListsView.swift in Sources */ = {isa = PBXBuildFile; fileRef = DF724B3AC46DD8943DA15180 /* ListsView.swift */; };
		4BE36982C76EB339751B3733 /* AddAccountView.swift in Sources */ = {isa = PBXBuildFile; fileRef = 5D64A8EDD5653B03C85BD04D /* AddAccountView.swift */; };
		4D4A0E7CA1EB679CB9C783C3 /* LiveBlueskyClient.swift in Sources */ = {isa = PBXBuildFile; fileRef = 71F1147B361CE2AA95C77F9A /* LiveBlueskyClient.swift */; };
		4DD5A9A61D05C01F947D6B26 /* KeychainService.swift in Sources */ = {isa = PBXBuildFile; fileRef = BFF191EB15C70F7E9EDEBF65 /* KeychainService.swift */; };
		4E1D963D5E4BDB9BEE41DF5A /* String+CSV.swift in Sources */ = {isa = PBXBuildFile; fileRef = 73A46736FC0C1C5021AF660D /* String+CSV.swift */; };
		4E98C92BC39174E0EBA9E968 /* BlueskyListServiceTests.swift in Sources */ = {isa = PBXBuildFile; fileRef = BB464B8B239E0371375D559B /* BlueskyListServiceTests.swift */; };
		54C2EF8D797B10C173440B6D /* RootView.swift in Sources */ = {isa = PBXBuildFile; fileRef = 6E74C74F6834686D4C613D35 /* RootView.swift */; };
		55718730D3E181B90078F4E7 /* BulkProfileLookupView.swift in Sources */ = {isa = PBXBuildFile; fileRef = CB4E57BAD6E7DFECAC4CBBD3 /* BulkProfileLookupView.swift */; };
		57463BDF5FE8746553C8DF37 /* PreviewBlueskyClient.swift in Sources */ = {isa = PBXBuildFile; fileRef = D6BE810AB5A008635BAA3BD1 /* PreviewBlueskyClient.swift */; };
		5E22B125B79A8F3D0697BE2A /* ProfileInspectorViewModel.swift in Sources */ = {isa = PBXBuildFile; fileRef = 24B8DD93DE77C5A5C4DA5283 /* ProfileInspectorViewModel.swift */; };
		6072099E9BFE97B5EA453F4A /* ActionPresetsView.swift in Sources */ = {isa = PBXBuildFile; fileRef = 83B4ADF018E91D04F8AA93D1 /* ActionPresetsView.swift */; };
		60B49F6F117771AD08C7BBC3 /* BlueskyProfileViewModel.swift in Sources */ = {isa = PBXBuildFile; fileRef = 9D493CE6BEC23FAEDADC7AED /* BlueskyProfileViewModel.swift */; };
		668F2BDCA14645A65832BEF9 /* ListDetailModels.swift in Sources */ = {isa = PBXBuildFile; fileRef = A63773A69DCC33A8E4CF380A /* ListDetailModels.swift */; };
		6691930F0ED40550F40E1E1E /* DashboardView.swift in Sources */ = {isa = PBXBuildFile; fileRef = 1428B2B7544B3F6DDABF69BA /* DashboardView.swift */; };
		6AA1DB69282BE83DA6D0739A /* SubscribeToListView.swift in Sources */ = {isa = PBXBuildFile; fileRef = 45F8825C7C13612438EC2AE6 /* SubscribeToListView.swift */; };
		71078C5514EE9940C0B02C63 /* BlueskyAPIError.swift in Sources */ = {isa = PBXBuildFile; fileRef = C65C73E860FC0B9A04A7E781 /* BlueskyAPIError.swift */; };
		717340FD0D8E509C8A2A946D /* BlueskyListMember.swift in Sources */ = {isa = PBXBuildFile; fileRef = 3E071265425B642977F4F283 /* BlueskyListMember.swift */; };
		769FD129FB4226B167ABC9A8 /* BlueskyActorRow.swift in Sources */ = {isa = PBXBuildFile; fileRef = 955786A2EEC90205E3714E5F /* BlueskyActorRow.swift */; };
		78FB60ACB6D4E62D9A06E700 /* ListDetailMembersSection.swift in Sources */ = {isa = PBXBuildFile; fileRef = 7930ABCB9DDA0325197A398A /* ListDetailMembersSection.swift */; };
		7B0F420541C16E2AEE22861B /* RelationshipsView.swift in Sources */ = {isa = PBXBuildFile; fileRef = 1C0333662556B11CF98A88B2 /* RelationshipsView.swift */; };
		7B5BF1C7905CE59F13B13C44 /* CreateListSheet.swift in Sources */ = {isa = PBXBuildFile; fileRef = 6B1F6017FABE697E2F1D8BDC /* CreateListSheet.swift */; };
		808F386501A09A708A6FA847 /* ProfileInspectorViewModelTests.swift in Sources */ = {isa = PBXBuildFile; fileRef = AC53589A50B1C167E514A800 /* ProfileInspectorViewModelTests.swift */; };
		818FB9B3ACB323DBDC411784 /* ProfileInspectorView.swift in Sources */ = {isa = PBXBuildFile; fileRef = 440FEDDE082EAEE9C03C608F /* ProfileInspectorView.swift */; };
		81C6F92744CD71DB025E4A38 /* ModerationAuditStoreTests.swift in Sources */ = {isa = PBXBuildFile; fileRef = 433ECEC8574A3D40BD8FEE49 /* ModerationAuditStoreTests.swift */; };
		82CBAF902B663768E4D611DC /* AccountChip.swift in Sources */ = {isa = PBXBuildFile; fileRef = E62D1726B87CDC5F70DF05EB /* AccountChip.swift */; };
		82DFC595354A428ABCBC5BDB /* BlueskyRequestExecutor.swift in Sources */ = {isa = PBXBuildFile; fileRef = 39B01267CADAE8DD6E824E38 /* BlueskyRequestExecutor.swift */; };
		84BB828A96C5EF3BD0DFFC3C /* ListDetailViewModel+Search.swift in Sources */ = {isa = PBXBuildFile; fileRef = 19BA605E31B60F1A71763C15 /* ListDetailViewModel+Search.swift */; };
		871C1D00BAC2C0E8A2B256C0 /* KeychainServiceTests.swift in Sources */ = {isa = PBXBuildFile; fileRef = 7CBF4762D2AC05C6D88D8CA1 /* KeychainServiceTests.swift */; };
		878D807B5A85A664CFDBD4DC /* RelationshipCache.swift in Sources */ = {isa = PBXBuildFile; fileRef = 31CB1BC8F1FC46CC9125FAA6 /* RelationshipCache.swift */; };
		880CC4BE7AAA1787AA97A307 /* ListDetailViewModel+Bulk.swift in Sources */ = {isa = PBXBuildFile; fileRef = B5A8121B7C0C147CA5085B44 /* ListDetailViewModel+Bulk.swift */; };
		8D51374098DD19897AD47672 /* BlueskyAPIDTOs.swift in Sources */ = {isa = PBXBuildFile; fileRef = 4590FB0D22143F4162812588 /* BlueskyAPIDTOs.swift */; };
		94E753C0AECBBD439B885AC0 /* WorkspacePreferencesStoreTests.swift in Sources */ = {isa = PBXBuildFile; fileRef = 22658F63F96F89A793256985 /* WorkspacePreferencesStoreTests.swift */; };
		94FA3749012F8FE45D8FA1F2 /* ActionQueueStore.swift in Sources */ = {isa = PBXBuildFile; fileRef = 79BE861EB8C76980DD8DD581 /* ActionQueueStore.swift */; };
		99CBFED5BCD536122863CE17 /* ListDetailView+Helpers.swift in Sources */ = {isa = PBXBuildFile; fileRef = B12265535BE015A48B451511 /* ListDetailView+Helpers.swift */; };
		9DDC086668CD4E5B2A2D0963 /* SettingsView.swift in Sources */ = {isa = PBXBuildFile; fileRef = 1A910BA174672E7A0D03AFED /* SettingsView.swift */; };
		A3F338CFC071F3A35D6EA3BF /* ListImportControllerTests.swift in Sources */ = {isa = PBXBuildFile; fileRef = 089E40E6F7B67B05A08AD96E /* ListImportControllerTests.swift */; };
		A3F6E958D672820C54784B07 /* LiveBlueskyClientTests.swift in Sources */ = {isa = PBXBuildFile; fileRef = 621DA5D063360774FA9E622D /* LiveBlueskyClientTests.swift */; };
		A9DFAF09C7006932F7F4EEF2 /* AccountRowView.swift in Sources */ = {isa = PBXBuildFile; fileRef = 500B2D05B92EA8C76FB83EFD /* AccountRowView.swift */; };
		AA40D44DFBE3BE3807034AE4 /* AppLogger.swift in Sources */ = {isa = PBXBuildFile; fileRef = 2BBAF9ED6126620E1729E736 /* AppLogger.swift */; };
		ABBCDDBB713AD546DADE2858 /* ListDetailComparisonSection.swift in Sources */ = {isa = PBXBuildFile; fileRef = 24F5E39018B0F8FEF488527C /* ListDetailComparisonSection.swift */; };
		ABFCB705F3EF28B376E27AE3 /* ListsViewModel.swift in Sources */ = {isa = PBXBuildFile; fileRef = 5B209B0F15D6518DF3A8F996 /* ListsViewModel.swift */; };
		AD4B8FEC277751168226CFB2 /* ActionPresetStore.swift in Sources */ = {isa = PBXBuildFile; fileRef = 37CE139069C586A154B49E19 /* ActionPresetStore.swift */; };
		B3326FFFD84B1C034E066A64 /* AccountSwitcherSheet.swift in Sources */ = {isa = PBXBuildFile; fileRef = EA7FBB1661AB736F578D68EA /* AccountSwitcherSheet.swift */; };
		B90585D2016E034BC9D25A68 /* ModerationWorkspaceStoreTests.swift in Sources */ = {isa = PBXBuildFile; fileRef = EAD663120FE1E51A2441DBD9 /* ModerationWorkspaceStoreTests.swift */; };
		BB85B48F5FB424C42266DEDB /* BlueskyProfileInspecting.swift in Sources */ = {isa = PBXBuildFile; fileRef = 54B1E02BE44CA22084439787 /* BlueskyProfileInspecting.swift */; };
		BBB052AA616857501F99262D /* BlueskyRequestExecutorTests.swift in Sources */ = {isa = PBXBuildFile; fileRef = 97BA9E2B32FEB4A158D05D65 /* BlueskyRequestExecutorTests.swift */; };
		BC2828F4805242D4DBC05708 /* BlueskyAPIDTOsTests.swift in Sources */ = {isa = PBXBuildFile; fileRef = A0B8791121A10FC367AEB51A /* BlueskyAPIDTOsTests.swift */; };
		BCB345A8FC2C437F7F8D790D /* InfoView.swift in Sources */ = {isa = PBXBuildFile; fileRef = 2F0F3BEAA37A7079BA3DE52B /* InfoView.swift */; };
		BDF8395A7521312660E32084 /* BlueskyActor.swift in Sources */ = {isa = PBXBuildFile; fileRef = A28FAFCF58F647BD69091D56 /* BlueskyActor.swift */; };
		BE687452B0CF1076EFB538B2 /* Assets.xcassets in Resources */ = {isa = PBXBuildFile; fileRef = 53649A49B5C112C35534FB0D /* Assets.xcassets */; };
		C43E6FB7AC166AB8B45E991A /* PendingActionsSheet.swift in Sources */ = {isa = PBXBuildFile; fileRef = 298FB52B464CB1851425B485 /* PendingActionsSheet.swift */; };
		C4A09AF0287AFF8D082510A1 /* MockBlueskyListService.swift in Sources */ = {isa = PBXBuildFile; fileRef = CB61E1D6174ECCA54D9A4C82 /* MockBlueskyListService.swift */; };
		C83A3BE167467FF43C0ABAEF /* BlueskyProfile.swift in Sources */ = {isa = PBXBuildFile; fileRef = 6B80E5E2025B8AA5882C4DF2 /* BlueskyProfile.swift */; };
		CB2A496A7D7678C0B77FD2EF /* ListMembersController.swift in Sources */ = {isa = PBXBuildFile; fileRef = 2280BC45F8BE5A6E1B43CE9D /* ListMembersController.swift */; };
		CCC4DAC3D5FB15D0CD9C50A5 /* MockBlueskyProfileService.swift in Sources */ = {isa = PBXBuildFile; fileRef = 8A302F1C081E6B67399ABD05 /* MockBlueskyProfileService.swift */; };
		D018A537FFAA6F6B993EF30D /* SearchToken.swift in Sources */ = {isa = PBXBuildFile; fileRef = 0CD5EDFE8B1DAAE5AB4D0656 /* SearchToken.swift */; };
		D1A943CFC4E34A0720ADF9DD /* ListBatchController.swift in Sources */ = {isa = PBXBuildFile; fileRef = 1D071F1CF3D62971E99E7446 /* ListBatchController.swift */; };
		D4D656780E36F0E54596E78F /* ListImportController.swift in Sources */ = {isa = PBXBuildFile; fileRef = AF69C498C96A3D2D3FC09B29 /* ListImportController.swift */; };
		D4F4D67D084C967A7456D693 /* BlueskyModerationUITests.swift in Sources */ = {isa = PBXBuildFile; fileRef = BCA9F08989BAD1CDC445CF51 /* BlueskyModerationUITests.swift */; };
		D5061270BE9B85619B7F29CF /* AppDependencies.swift in Sources */ = {isa = PBXBuildFile; fileRef = 951E1B87D26A48B6F1A6226D /* AppDependencies.swift */; };
		D61EDB1289462368B28C579D /* BlueskyList.swift in Sources */ = {isa = PBXBuildFile; fileRef = 8024A6F4F98C08C9D5523C72 /* BlueskyList.swift */; };
		D79F94DEA3D67017CC610E87 /* ListDiffController.swift in Sources */ = {isa = PBXBuildFile; fileRef = 8C8944A8F7D5BF2C5458D50A /* ListDiffController.swift */; };
		D8C2721E53E07E05A76EDF71 /* ActorSearchResultRow.swift in Sources */ = {isa = PBXBuildFile; fileRef = D8CB9DF2B9A1EF17F60EBFAB /* ActorSearchResultRow.swift */; };
		DA8E8EE0AF25BD4A24DC9C23 /* StringCSVTests.swift in Sources */ = {isa = PBXBuildFile; fileRef = 48D07DF32923505B66B870D7 /* StringCSVTests.swift */; };
		DDD604A9F008B2000E73FCC0 /* Color+BlueskyModeration.swift in Sources */ = {isa = PBXBuildFile; fileRef = 7D7DE549B3D37C1D71F6E56E /* Color+BlueskyModeration.swift */; };
		E0F5CDD5D20CFC6D02B6CE33 /* ListDetailViewModel+Data.swift in Sources */ = {isa = PBXBuildFile; fileRef = C80E5F0901F51FE022BA9DE4 /* ListDetailViewModel+Data.swift */; };
		E14D5EE07F4C332E0713DE3C /* AppError.swift in Sources */ = {isa = PBXBuildFile; fileRef = 818C1FF1BC72D8596CCBB0F0 /* AppError.swift */; };
		E4CBFC8AF053A725DC813B3E /* ListDiffControllerTests.swift in Sources */ = {isa = PBXBuildFile; fileRef = 97AE8BA236C2AA6B8E8EEACC /* ListDiffControllerTests.swift */; };
		E4FED0E311A32EE25C4835BD /* AppAccount.swift in Sources */ = {isa = PBXBuildFile; fileRef = 9B75DDE6EF1B1F01473C8449 /* AppAccount.swift */; };
		E71FF9F93503AAEB91586E64 /* ActivityLogView.swift in Sources */ = {isa = PBXBuildFile; fileRef = BEA376BD8195C6A2CAAC7991 /* ActivityLogView.swift */; };
		EBABB53D67C08509335CB44B /* PrivacyInfo.xcprivacy in Resources */ = {isa = PBXBuildFile; fileRef = DF8FFF71CA6FEEA785949612 /* PrivacyInfo.xcprivacy */; };
		EFBCEA1D95F78DE2514102EB /* RelationshipCacheTests.swift in Sources */ = {isa = PBXBuildFile; fileRef = 0D7403E9CBDC0BE99C7E2E5C /* RelationshipCacheTests.swift */; };
		F669D46B90E1AFCB9D4CBF7A /* ListMembersControllerTests.swift in Sources */ = {isa = PBXBuildFile; fileRef = 9E32BF0E02305FC55C06C7E6 /* ListMembersControllerTests.swift */; };
		F6E8BEBC5F4AAF958D96F500 /* LoadableStateTests.swift in Sources */ = {isa = PBXBuildFile; fileRef = 93C2D6888CF84DB352701672 /* LoadableStateTests.swift */; };
		F8E60C9C5249C1FE0742E8D9 /* TestHelpers.swift in Sources */ = {isa = PBXBuildFile; fileRef = B25EB876DB3431556F62F89C /* TestHelpers.swift */; };
		FA4E45A6CCB838DD52136561 /* StatePanels.swift in Sources */ = {isa = PBXBuildFile; fileRef = DB8AAD4D3A2E278AC0E58F83 /* StatePanels.swift */; };
		FBCAEE11846462E1D118A3B4 /* LiveAuthenticationTests.swift in Sources */ = {isa = PBXBuildFile; fileRef = 87FE4727238FD1F5CCAA54D6 /* LiveAuthenticationTests.swift */; };
		FD5A0A546B8B9B5F59AA9E19 /* ModerationAuditStore.swift in Sources */ = {isa = PBXBuildFile; fileRef = D518E231CD77FA86955D8DBE /* ModerationAuditStore.swift */; };
		FE52C2E1A916BE536488FF38 /* ListDetailSearchSection.swift in Sources */ = {isa = PBXBuildFile; fileRef = B55575E25BE062386D5FC79B /* ListDetailSearchSection.swift */; };
/* End PBXBuildFile section */

/* Begin PBXContainerItemProxy section */
		98E5ECD67FA05F33E5C002FC /* PBXContainerItemProxy */ = {
			isa = PBXContainerItemProxy;
			containerPortal = 2A3FD4F02C5D5F10C6DFE927 /* Project object */;
			proxyType = 1;
			remoteGlobalIDString = 0608BB4380516450DC5105DF;
			remoteInfo = BlueskyModeration;
		};
		BB0E803DE9BB1C4D11A397D6 /* PBXContainerItemProxy */ = {
			isa = PBXContainerItemProxy;
			containerPortal = 2A3FD4F02C5D5F10C6DFE927 /* Project object */;
			proxyType = 1;
			remoteGlobalIDString = 0608BB4380516450DC5105DF;
			remoteInfo = BlueskyModeration;
		};
/* End PBXContainerItemProxy section */

/* Begin PBXFileReference section */
		03561C1580449FBB58D3E623 /* BlueskySessionService.swift */ = {isa = PBXFileReference; lastKnownFileType = sourcecode.swift; path = BlueskySessionService.swift; sourceTree = "<group>"; };
		089E40E6F7B67B05A08AD96E /* ListImportControllerTests.swift */ = {isa = PBXFileReference; lastKnownFileType = sourcecode.swift; path = ListImportControllerTests.swift; sourceTree = "<group>"; };
		08CDD4AC481D588629B31A73 /* BlueskyProfileService.swift */ = {isa = PBXFileReference; lastKnownFileType = sourcecode.swift; path = BlueskyProfileService.swift; sourceTree = "<group>"; };
		0CD5EDFE8B1DAAE5AB4D0656 /* SearchToken.swift */ = {isa = PBXFileReference; lastKnownFileType = sourcecode.swift; path = SearchToken.swift; sourceTree = "<group>"; };
		0D7403E9CBDC0BE99C7E2E5C /* RelationshipCacheTests.swift */ = {isa = PBXFileReference; lastKnownFileType = sourcecode.swift; path = RelationshipCacheTests.swift; sourceTree = "<group>"; };
		0FA3F299400BF2699443484B /* WorkspacePreferencesStore.swift */ = {isa = PBXFileReference; lastKnownFileType = sourcecode.swift; path = WorkspacePreferencesStore.swift; sourceTree = "<group>"; };
		10D07E6C7A66F0B643E889E0 /* AccountStoreTests.swift */ = {isa = PBXFileReference; lastKnownFileType = sourcecode.swift; path = AccountStoreTests.swift; sourceTree = "<group>"; };
		126E29C1EE615694DF95553D /* ListDetailView.swift */ = {isa = PBXFileReference; lastKnownFileType = sourcecode.swift; path = ListDetailView.swift; sourceTree = "<group>"; };
		1428B2B7544B3F6DDABF69BA /* DashboardView.swift */ = {isa = PBXFileReference; lastKnownFileType = sourcecode.swift; path = DashboardView.swift; sourceTree = "<group>"; };
		19BA605E31B60F1A71763C15 /* ListDetailViewModel+Search.swift */ = {isa = PBXFileReference; lastKnownFileType = sourcecode.swift; path = "ListDetailViewModel+Search.swift"; sourceTree = "<group>"; };
		1A910BA174672E7A0D03AFED /* SettingsView.swift */ = {isa = PBXFileReference; lastKnownFileType = sourcecode.swift; path = SettingsView.swift; sourceTree = "<group>"; };
		1C0333662556B11CF98A88B2 /* RelationshipsView.swift */ = {isa = PBXFileReference; lastKnownFileType = sourcecode.swift; path = RelationshipsView.swift; sourceTree = "<group>"; };
		1D071F1CF3D62971E99E7446 /* ListBatchController.swift */ = {isa = PBXFileReference; lastKnownFileType = sourcecode.swift; path = ListBatchController.swift; sourceTree = "<group>"; };
		22658F63F96F89A793256985 /* WorkspacePreferencesStoreTests.swift */ = {isa = PBXFileReference; lastKnownFileType = sourcecode.swift; path = WorkspacePreferencesStoreTests.swift; sourceTree = "<group>"; };
		2280BC45F8BE5A6E1B43CE9D /* ListMembersController.swift */ = {isa = PBXFileReference; lastKnownFileType = sourcecode.swift; path = ListMembersController.swift; sourceTree = "<group>"; };
		24B8DD93DE77C5A5C4DA5283 /* ProfileInspectorViewModel.swift */ = {isa = PBXFileReference; lastKnownFileType = sourcecode.swift; path = ProfileInspectorViewModel.swift; sourceTree = "<group>"; };
		24F5E39018B0F8FEF488527C /* ListDetailComparisonSection.swift */ = {isa = PBXFileReference; lastKnownFileType = sourcecode.swift; path = ListDetailComparisonSection.swift; sourceTree = "<group>"; };
		298FB52B464CB1851425B485 /* PendingActionsSheet.swift */ = {isa = PBXFileReference; lastKnownFileType = sourcecode.swift; path = PendingActionsSheet.swift; sourceTree = "<group>"; };
		2BBAF9ED6126620E1729E736 /* AppLogger.swift */ = {isa = PBXFileReference; lastKnownFileType = sourcecode.swift; path = AppLogger.swift; sourceTree = "<group>"; };
		2F0F3BEAA37A7079BA3DE52B /* InfoView.swift */ = {isa = PBXFileReference; lastKnownFileType = sourcecode.swift; path = InfoView.swift; sourceTree = "<group>"; };
		31CB1BC8F1FC46CC9125FAA6 /* RelationshipCache.swift */ = {isa = PBXFileReference; lastKnownFileType = sourcecode.swift; path = RelationshipCache.swift; sourceTree = "<group>"; };
		37CE139069C586A154B49E19 /* ActionPresetStore.swift */ = {isa = PBXFileReference; lastKnownFileType = sourcecode.swift; path = ActionPresetStore.swift; sourceTree = "<group>"; };
		390E45D6B465D6470D878D0D /* ListDetailSnapshotSection.swift */ = {isa = PBXFileReference; lastKnownFileType = sourcecode.swift; path = ListDetailSnapshotSection.swift; sourceTree = "<group>"; };
		39B01267CADAE8DD6E824E38 /* BlueskyRequestExecutor.swift */ = {isa = PBXFileReference; lastKnownFileType = sourcecode.swift; path = BlueskyRequestExecutor.swift; sourceTree = "<group>"; };
		3E071265425B642977F4F283 /* BlueskyListMember.swift */ = {isa = PBXFileReference; lastKnownFileType = sourcecode.swift; path = BlueskyListMember.swift; sourceTree = "<group>"; };
		433ECEC8574A3D40BD8FEE49 /* ModerationAuditStoreTests.swift */ = {isa = PBXFileReference; lastKnownFileType = sourcecode.swift; path = ModerationAuditStoreTests.swift; sourceTree = "<group>"; };
		440FEDDE082EAEE9C03C608F /* ProfileInspectorView.swift */ = {isa = PBXFileReference; lastKnownFileType = sourcecode.swift; path = ProfileInspectorView.swift; sourceTree = "<group>"; };
		4590FB0D22143F4162812588 /* BlueskyAPIDTOs.swift */ = {isa = PBXFileReference; lastKnownFileType = sourcecode.swift; path = BlueskyAPIDTOs.swift; sourceTree = "<group>"; };
		45F8825C7C13612438EC2AE6 /* SubscribeToListView.swift */ = {isa = PBXFileReference; lastKnownFileType = sourcecode.swift; path = SubscribeToListView.swift; sourceTree = "<group>"; };
		469935F895D8EE703F5A60C3 /* AppErrorTests.swift */ = {isa = PBXFileReference; lastKnownFileType = sourcecode.swift; path = AppErrorTests.swift; sourceTree = "<group>"; };
		48D07DF32923505B66B870D7 /* StringCSVTests.swift */ = {isa = PBXFileReference; lastKnownFileType = sourcecode.swift; path = StringCSVTests.swift; sourceTree = "<group>"; };
		500B2D05B92EA8C76FB83EFD /* AccountRowView.swift */ = {isa = PBXFileReference; lastKnownFileType = sourcecode.swift; path = AccountRowView.swift; sourceTree = "<group>"; };
		504E97996E88A5FB4E5747DA /* ListDetailSheets.swift */ = {isa = PBXFileReference; lastKnownFileType = sourcecode.swift; path = ListDetailSheets.swift; sourceTree = "<group>"; };
		534DC720311468689A2BBED1 /* ListDetailViewModelTests.swift */ = {isa = PBXFileReference; lastKnownFileType = sourcecode.swift; path = ListDetailViewModelTests.swift; sourceTree = "<group>"; };
		53649A49B5C112C35534FB0D /* Assets.xcassets */ = {isa = PBXFileReference; lastKnownFileType = folder.assetcatalog; path = Assets.xcassets; sourceTree = "<group>"; };
		54B1E02BE44CA22084439787 /* BlueskyProfileInspecting.swift */ = {isa = PBXFileReference; lastKnownFileType = sourcecode.swift; path = BlueskyProfileInspecting.swift; sourceTree = "<group>"; };
		5726B67E2FB6C49AD66393D0 /* ListRowView.swift */ = {isa = PBXFileReference; lastKnownFileType = sourcecode.swift; path = ListRowView.swift; sourceTree = "<group>"; };
		57EDE39D8677A2762DCA0C35 /* URLBlueskyTests.swift */ = {isa = PBXFileReference; lastKnownFileType = sourcecode.swift; path = URLBlueskyTests.swift; sourceTree = "<group>"; };
		5B209B0F15D6518DF3A8F996 /* ListsViewModel.swift */ = {isa = PBXFileReference; lastKnownFileType = sourcecode.swift; path = ListsViewModel.swift; sourceTree = "<group>"; };
		5D64A8EDD5653B03C85BD04D /* AddAccountView.swift */ = {isa = PBXFileReference; lastKnownFileType = sourcecode.swift; path = AddAccountView.swift; sourceTree = "<group>"; };
		621DA5D063360774FA9E622D /* LiveBlueskyClientTests.swift */ = {isa = PBXFileReference; lastKnownFileType = sourcecode.swift; path = LiveBlueskyClientTests.swift; sourceTree = "<group>"; };
		69EC0405E28F2993D2F08CD9 /* LoadableState.swift */ = {isa = PBXFileReference; lastKnownFileType = sourcecode.swift; path = LoadableState.swift; sourceTree = "<group>"; };
		6B1F6017FABE697E2F1D8BDC /* CreateListSheet.swift */ = {isa = PBXFileReference; lastKnownFileType = sourcecode.swift; path = CreateListSheet.swift; sourceTree = "<group>"; };
		6B80E5E2025B8AA5882C4DF2 /* BlueskyProfile.swift */ = {isa = PBXFileReference; lastKnownFileType = sourcecode.swift; path = BlueskyProfile.swift; sourceTree = "<group>"; };
		6E232489A3D1AD6D0B6E7497 /* ActionQueueStoreTests.swift */ = {isa = PBXFileReference; lastKnownFileType = sourcecode.swift; path = ActionQueueStoreTests.swift; sourceTree = "<group>"; };
		6E74C74F6834686D4C613D35 /* RootView.swift */ = {isa = PBXFileReference; lastKnownFileType = sourcecode.swift; path = RootView.swift; sourceTree = "<group>"; };
		716958F8AD16557192CEC1E9 /* ListBatchControllerTests.swift */ = {isa = PBXFileReference; lastKnownFileType = sourcecode.swift; path = ListBatchControllerTests.swift; sourceTree = "<group>"; };
		71F1147B361CE2AA95C77F9A /* LiveBlueskyClient.swift */ = {isa = PBXFileReference; lastKnownFileType = sourcecode.swift; path = LiveBlueskyClient.swift; sourceTree = "<group>"; };
		73A46736FC0C1C5021AF660D /* String+CSV.swift */ = {isa = PBXFileReference; lastKnownFileType = sourcecode.swift; path = "String+CSV.swift"; sourceTree = "<group>"; };
		7930ABCB9DDA0325197A398A /* ListDetailMembersSection.swift */ = {isa = PBXFileReference; lastKnownFileType = sourcecode.swift; path = ListDetailMembersSection.swift; sourceTree = "<group>"; };
		79BE861EB8C76980DD8DD581 /* ActionQueueStore.swift */ = {isa = PBXFileReference; lastKnownFileType = sourcecode.swift; path = ActionQueueStore.swift; sourceTree = "<group>"; };
		7CBF4762D2AC05C6D88D8CA1 /* KeychainServiceTests.swift */ = {isa = PBXFileReference; lastKnownFileType = sourcecode.swift; path = KeychainServiceTests.swift; sourceTree = "<group>"; };
		7D7DE549B3D37C1D71F6E56E /* Color+BlueskyModeration.swift */ = {isa = PBXFileReference; lastKnownFileType = sourcecode.swift; path = "Color+BlueskyModeration.swift"; sourceTree = "<group>"; };
		7E19ABD0130D0DC00A52ED38 /* BlueskyListServicing.swift */ = {isa = PBXFileReference; lastKnownFileType = sourcecode.swift; path = BlueskyListServicing.swift; sourceTree = "<group>"; };
		8024A6F4F98C08C9D5523C72 /* BlueskyList.swift */ = {isa = PBXFileReference; lastKnownFileType = sourcecode.swift; path = BlueskyList.swift; sourceTree = "<group>"; };
		818C1FF1BC72D8596CCBB0F0 /* AppError.swift */ = {isa = PBXFileReference; lastKnownFileType = sourcecode.swift; path = AppError.swift; sourceTree = "<group>"; };
		8276C95D84E24D1C7E651B65 /* ModerationWorkspaceStore.swift */ = {isa = PBXFileReference; lastKnownFileType = sourcecode.swift; path = ModerationWorkspaceStore.swift; sourceTree = "<group>"; };
		83B4ADF018E91D04F8AA93D1 /* ActionPresetsView.swift */ = {isa = PBXFileReference; lastKnownFileType = sourcecode.swift; path = ActionPresetsView.swift; sourceTree = "<group>"; };
		87FE4727238FD1F5CCAA54D6 /* LiveAuthenticationTests.swift */ = {isa = PBXFileReference; lastKnownFileType = sourcecode.swift; path = LiveAuthenticationTests.swift; sourceTree = "<group>"; };
		8A302F1C081E6B67399ABD05 /* MockBlueskyProfileService.swift */ = {isa = PBXFileReference; lastKnownFileType = sourcecode.swift; path = MockBlueskyProfileService.swift; sourceTree = "<group>"; };
		8C8944A8F7D5BF2C5458D50A /* ListDiffController.swift */ = {isa = PBXFileReference; lastKnownFileType = sourcecode.swift; path = ListDiffController.swift; sourceTree = "<group>"; };
		90F621A53763D04B73DCF960 /* BlueskyProfileView.swift */ = {isa = PBXFileReference; lastKnownFileType = sourcecode.swift; path = BlueskyProfileView.swift; sourceTree = "<group>"; };
		93C2D6888CF84DB352701672 /* LoadableStateTests.swift */ = {isa = PBXFileReference; lastKnownFileType = sourcecode.swift; path = LoadableStateTests.swift; sourceTree = "<group>"; };
		951E1B87D26A48B6F1A6226D /* AppDependencies.swift */ = {isa = PBXFileReference; lastKnownFileType = sourcecode.swift; path = AppDependencies.swift; sourceTree = "<group>"; };
		955786A2EEC90205E3714E5F /* BlueskyActorRow.swift */ = {isa = PBXFileReference; lastKnownFileType = sourcecode.swift; path = BlueskyActorRow.swift; sourceTree = "<group>"; };
		97AE8BA236C2AA6B8E8EEACC /* ListDiffControllerTests.swift */ = {isa = PBXFileReference; lastKnownFileType = sourcecode.swift; path = ListDiffControllerTests.swift; sourceTree = "<group>"; };
		97BA9E2B32FEB4A158D05D65 /* BlueskyRequestExecutorTests.swift */ = {isa = PBXFileReference; lastKnownFileType = sourcecode.swift; path = BlueskyRequestExecutorTests.swift; sourceTree = "<group>"; };
		9B75DDE6EF1B1F01473C8449 /* AppAccount.swift */ = {isa = PBXFileReference; lastKnownFileType = sourcecode.swift; path = AppAccount.swift; sourceTree = "<group>"; };
		9D493CE6BEC23FAEDADC7AED /* BlueskyProfileViewModel.swift */ = {isa = PBXFileReference; lastKnownFileType = sourcecode.swift; path = BlueskyProfileViewModel.swift; sourceTree = "<group>"; };
		9E32BF0E02305FC55C06C7E6 /* ListMembersControllerTests.swift */ = {isa = PBXFileReference; lastKnownFileType = sourcecode.swift; path = ListMembersControllerTests.swift; sourceTree = "<group>"; };
		A0B8791121A10FC367AEB51A /* BlueskyAPIDTOsTests.swift */ = {isa = PBXFileReference; lastKnownFileType = sourcecode.swift; path = BlueskyAPIDTOsTests.swift; sourceTree = "<group>"; };
		A28FAFCF58F647BD69091D56 /* BlueskyActor.swift */ = {isa = PBXFileReference; lastKnownFileType = sourcecode.swift; path = BlueskyActor.swift; sourceTree = "<group>"; };
		A59AA1ED0E3DB179E3F2B921 /* DashboardCache.swift */ = {isa = PBXFileReference; lastKnownFileType = sourcecode.swift; path = DashboardCache.swift; sourceTree = "<group>"; };
		A5A66DCBAD6A830220641347 /* BlueskyListService.swift */ = {isa = PBXFileReference; lastKnownFileType = sourcecode.swift; path = BlueskyListService.swift; sourceTree = "<group>"; };
		A63773A69DCC33A8E4CF380A /* ListDetailModels.swift */ = {isa = PBXFileReference; lastKnownFileType = sourcecode.swift; path = ListDetailModels.swift; sourceTree = "<group>"; };
		A75D4B96CCBDE80859B84D44 /* BlueskyModerationUITests.xctest */ = {isa = PBXFileReference; includeInIndex = 0; lastKnownFileType = wrapper.cfbundle; path = BlueskyModerationUITests.xctest; sourceTree = BUILT_PRODUCTS_DIR; };
		AA8D879CEE0CCABEBCC5C909 /* BlueskyModerationTests.xctest */ = {isa = PBXFileReference; includeInIndex = 0; lastKnownFileType = wrapper.cfbundle; path = BlueskyModerationTests.xctest; sourceTree = BUILT_PRODUCTS_DIR; };
		AB79ABBA6F2ED069100538D3 /* ProfileMembershipModels.swift */ = {isa = PBXFileReference; lastKnownFileType = sourcecode.swift; path = ProfileMembershipModels.swift; sourceTree = "<group>"; };
		AC53589A50B1C167E514A800 /* ProfileInspectorViewModelTests.swift */ = {isa = PBXFileReference; lastKnownFileType = sourcecode.swift; path = ProfileInspectorViewModelTests.swift; sourceTree = "<group>"; };
		AF69C498C96A3D2D3FC09B29 /* ListImportController.swift */ = {isa = PBXFileReference; lastKnownFileType = sourcecode.swift; path = ListImportController.swift; sourceTree = "<group>"; };
		B12265535BE015A48B451511 /* ListDetailView+Helpers.swift */ = {isa = PBXFileReference; lastKnownFileType = sourcecode.swift; path = "ListDetailView+Helpers.swift"; sourceTree = "<group>"; };
		B25EB876DB3431556F62F89C /* TestHelpers.swift */ = {isa = PBXFileReference; lastKnownFileType = sourcecode.swift; path = TestHelpers.swift; sourceTree = "<group>"; };
		B4163CB401DA247B6429425C /* ListsViewModelTests.swift */ = {isa = PBXFileReference; lastKnownFileType = sourcecode.swift; path = ListsViewModelTests.swift; sourceTree = "<group>"; };
		B55575E25BE062386D5FC79B /* ListDetailSearchSection.swift */ = {isa = PBXFileReference; lastKnownFileType = sourcecode.swift; path = ListDetailSearchSection.swift; sourceTree = "<group>"; };
		B5A8121B7C0C147CA5085B44 /* ListDetailViewModel+Bulk.swift */ = {isa = PBXFileReference; lastKnownFileType = sourcecode.swift; path = "ListDetailViewModel+Bulk.swift"; sourceTree = "<group>"; };
		BB464B8B239E0371375D559B /* BlueskyListServiceTests.swift */ = {isa = PBXFileReference; lastKnownFileType = sourcecode.swift; path = BlueskyListServiceTests.swift; sourceTree = "<group>"; };
		BC391D2CC0B10AF7D5785121 /* BlueskyModerationApp.swift */ = {isa = PBXFileReference; lastKnownFileType = sourcecode.swift; path = BlueskyModerationApp.swift; sourceTree = "<group>"; };
		BCA9F08989BAD1CDC445CF51 /* BlueskyModerationUITests.swift */ = {isa = PBXFileReference; lastKnownFileType = sourcecode.swift; path = BlueskyModerationUITests.swift; sourceTree = "<group>"; };
		BEA376BD8195C6A2CAAC7991 /* ActivityLogView.swift */ = {isa = PBXFileReference; lastKnownFileType = sourcecode.swift; path = ActivityLogView.swift; sourceTree = "<group>"; };
		BFF191EB15C70F7E9EDEBF65 /* KeychainService.swift */ = {isa = PBXFileReference; lastKnownFileType = sourcecode.swift; path = KeychainService.swift; sourceTree = "<group>"; };
		C65C73E860FC0B9A04A7E781 /* BlueskyAPIError.swift */ = {isa = PBXFileReference; lastKnownFileType = sourcecode.swift; path = BlueskyAPIError.swift; sourceTree = "<group>"; };
		C80E5F0901F51FE022BA9DE4 /* ListDetailViewModel+Data.swift */ = {isa = PBXFileReference; lastKnownFileType = sourcecode.swift; path = "ListDetailViewModel+Data.swift"; sourceTree = "<group>"; };
		C90099ED0910E3AD55FA3EE7 /* BlueskyModeration.app */ = {isa = PBXFileReference; includeInIndex = 0; lastKnownFileType = wrapper.application; path = BlueskyModeration.app; sourceTree = BUILT_PRODUCTS_DIR; };
		CB4E57BAD6E7DFECAC4CBBD3 /* BulkProfileLookupView.swift */ = {isa = PBXFileReference; lastKnownFileType = sourcecode.swift; path = BulkProfileLookupView.swift; sourceTree = "<group>"; };
		CB61E1D6174ECCA54D9A4C82 /* MockBlueskyListService.swift */ = {isa = PBXFileReference; lastKnownFileType = sourcecode.swift; path = MockBlueskyListService.swift; sourceTree = "<group>"; };
		D0343E7705C27F52D7BD3B03 /* AccountStore.swift */ = {isa = PBXFileReference; lastKnownFileType = sourcecode.swift; path = AccountStore.swift; sourceTree = "<group>"; };
		D518E231CD77FA86955D8DBE /* ModerationAuditStore.swift */ = {isa = PBXFileReference; lastKnownFileType = sourcecode.swift; path = ModerationAuditStore.swift; sourceTree = "<group>"; };
		D6BE810AB5A008635BAA3BD1 /* PreviewBlueskyClient.swift */ = {isa = PBXFileReference; lastKnownFileType = sourcecode.swift; path = PreviewBlueskyClient.swift; sourceTree = "<group>"; };
		D8CB9DF2B9A1EF17F60EBFAB /* ActorSearchResultRow.swift */ = {isa = PBXFileReference; lastKnownFileType = sourcecode.swift; path = ActorSearchResultRow.swift; sourceTree = "<group>"; };
		DB8AAD4D3A2E278AC0E58F83 /* StatePanels.swift */ = {isa = PBXFileReference; lastKnownFileType = sourcecode.swift; path = StatePanels.swift; sourceTree = "<group>"; };
		DF724B3AC46DD8943DA15180 /* ListsView.swift */ = {isa = PBXFileReference; lastKnownFileType = sourcecode.swift; path = ListsView.swift; sourceTree = "<group>"; };
		DF8FFF71CA6FEEA785949612 /* PrivacyInfo.xcprivacy */ = {isa = PBXFileReference; path = PrivacyInfo.xcprivacy; sourceTree = "<group>"; };
		E02F73A9B4075276A0DA42A2 /* AccountSummaryCard.swift */ = {isa = PBXFileReference; lastKnownFileType = sourcecode.swift; path = AccountSummaryCard.swift; sourceTree = "<group>"; };
		E62D1726B87CDC5F70DF05EB /* AccountChip.swift */ = {isa = PBXFileReference; lastKnownFileType = sourcecode.swift; path = AccountChip.swift; sourceTree = "<group>"; };
		EA7FBB1661AB736F578D68EA /* AccountSwitcherSheet.swift */ = {isa = PBXFileReference; lastKnownFileType = sourcecode.swift; path = AccountSwitcherSheet.swift; sourceTree = "<group>"; };
		EAD663120FE1E51A2441DBD9 /* ModerationWorkspaceStoreTests.swift */ = {isa = PBXFileReference; lastKnownFileType = sourcecode.swift; path = ModerationWorkspaceStoreTests.swift; sourceTree = "<group>"; };
		EBE960440B30CBC64A390168 /* ListDetailViewModel.swift */ = {isa = PBXFileReference; lastKnownFileType = sourcecode.swift; path = ListDetailViewModel.swift; sourceTree = "<group>"; };
		F04D96EE5014E7DB9DA13C19 /* URL+Bluesky.swift */ = {isa = PBXFileReference; lastKnownFileType = sourcecode.swift; path = "URL+Bluesky.swift"; sourceTree = "<group>"; };
		F6BCC2E559B5C44D603CAEA0 /* BlueskyProfileServiceTests.swift */ = {isa = PBXFileReference; lastKnownFileType = sourcecode.swift; path = BlueskyProfileServiceTests.swift; sourceTree = "<group>"; };
		F982B765138381E62C838174 /* BulkProfileLookupViewModel.swift */ = {isa = PBXFileReference; lastKnownFileType = sourcecode.swift; path = BulkProfileLookupViewModel.swift; sourceTree = "<group>"; };
/* End PBXFileReference section */

/* Begin PBXGroup section */
		0E8E7C36D902FC6A66A08A95 /* Shared */ = {
			isa = PBXGroup;
			children = (
				DEE35FCD50996D2AF59F8C5C /* Components */,
				9B701020A828B1CC125C3D35 /* Support */,
				13E9D686DC7484A14B46E1D1 /* Theme */,
			);
			path = Shared;
			sourceTree = "<group>";
		};
		13E9D686DC7484A14B46E1D1 /* Theme */ = {
			isa = PBXGroup;
			children = (
				7D7DE549B3D37C1D71F6E56E /* Color+BlueskyModeration.swift */,
			);
			path = Theme;
			sourceTree = "<group>";
		};
		1D65783AB0F7DA3F704BF9AD /* UITests */ = {
			isa = PBXGroup;
			children = (
				408E5176C8CA77D7AEA11924 /* BlueskyModerationUITests */,
			);
			path = UITests;
			sourceTree = "<group>";
		};
		2C66AC571494875A467CE391 /* Products */ = {
			isa = PBXGroup;
			children = (
				C90099ED0910E3AD55FA3EE7 /* BlueskyModeration.app */,
				AA8D879CEE0CCABEBCC5C909 /* BlueskyModerationTests.xctest */,
				A75D4B96CCBDE80859B84D44 /* BlueskyModerationUITests.xctest */,
			);
			name = Products;
			sourceTree = "<group>";
		};
		30D460E4F2BBD4BF88567A39 /* Accounts */ = {
			isa = PBXGroup;
			children = (
				500B2D05B92EA8C76FB83EFD /* AccountRowView.swift */,
				5D64A8EDD5653B03C85BD04D /* AddAccountView.swift */,
			);
			path = Accounts;
			sourceTree = "<group>";
		};
		408E5176C8CA77D7AEA11924 /* BlueskyModerationUITests */ = {
			isa = PBXGroup;
			children = (
				BCA9F08989BAD1CDC445CF51 /* BlueskyModerationUITests.swift */,
			);
			path = BlueskyModerationUITests;
			sourceTree = "<group>";
		};
		621698A9FC68F77DFAFDC6CA /* App */ = {
			isa = PBXGroup;
			children = (
				951E1B87D26A48B6F1A6226D /* AppDependencies.swift */,
				BC391D2CC0B10AF7D5785121 /* BlueskyModerationApp.swift */,
				2F0F3BEAA37A7079BA3DE52B /* InfoView.swift */,
				DF8FFF71CA6FEEA785949612 /* PrivacyInfo.xcprivacy */,
				6E74C74F6834686D4C613D35 /* RootView.swift */,
				1A910BA174672E7A0D03AFED /* SettingsView.swift */,
			);
			path = App;
			sourceTree = "<group>";
		};
		6ED80CBED49F9449459FB96D /* BlueskyModerationTests */ = {
			isa = PBXGroup;
			children = (
				10D07E6C7A66F0B643E889E0 /* AccountStoreTests.swift */,
				6E232489A3D1AD6D0B6E7497 /* ActionQueueStoreTests.swift */,
				469935F895D8EE703F5A60C3 /* AppErrorTests.swift */,
				A0B8791121A10FC367AEB51A /* BlueskyAPIDTOsTests.swift */,
				BB464B8B239E0371375D559B /* BlueskyListServiceTests.swift */,
				F6BCC2E559B5C44D603CAEA0 /* BlueskyProfileServiceTests.swift */,
				97BA9E2B32FEB4A158D05D65 /* BlueskyRequestExecutorTests.swift */,
				7CBF4762D2AC05C6D88D8CA1 /* KeychainServiceTests.swift */,
				716958F8AD16557192CEC1E9 /* ListBatchControllerTests.swift */,
				534DC720311468689A2BBED1 /* ListDetailViewModelTests.swift */,
				97AE8BA236C2AA6B8E8EEACC /* ListDiffControllerTests.swift */,
				089E40E6F7B67B05A08AD96E /* ListImportControllerTests.swift */,
				9E32BF0E02305FC55C06C7E6 /* ListMembersControllerTests.swift */,
				B4163CB401DA247B6429425C /* ListsViewModelTests.swift */,
				87FE4727238FD1F5CCAA54D6 /* LiveAuthenticationTests.swift */,
				621DA5D063360774FA9E622D /* LiveBlueskyClientTests.swift */,
				93C2D6888CF84DB352701672 /* LoadableStateTests.swift */,
				433ECEC8574A3D40BD8FEE49 /* ModerationAuditStoreTests.swift */,
				EAD663120FE1E51A2441DBD9 /* ModerationWorkspaceStoreTests.swift */,
				AC53589A50B1C167E514A800 /* ProfileInspectorViewModelTests.swift */,
				0D7403E9CBDC0BE99C7E2E5C /* RelationshipCacheTests.swift */,
				48D07DF32923505B66B870D7 /* StringCSVTests.swift */,
				B25EB876DB3431556F62F89C /* TestHelpers.swift */,
				57EDE39D8677A2762DCA0C35 /* URLBlueskyTests.swift */,
				22658F63F96F89A793256985 /* WorkspacePreferencesStoreTests.swift */,
			);
			path = BlueskyModerationTests;
			sourceTree = "<group>";
		};
		7866046630E2B2FB9CD3F858 /* Tests */ = {
			isa = PBXGroup;
			children = (
				6ED80CBED49F9449459FB96D /* BlueskyModerationTests */,
			);
			path = Tests;
			sourceTree = "<group>";
		};
		8C8C4BAB839295B448E5CB46 /* Lists */ = {
			isa = PBXGroup;
			children = (
				83B4ADF018E91D04F8AA93D1 /* ActionPresetsView.swift */,
				90F621A53763D04B73DCF960 /* BlueskyProfileView.swift */,
				9D493CE6BEC23FAEDADC7AED /* BlueskyProfileViewModel.swift */,
				6B1F6017FABE697E2F1D8BDC /* CreateListSheet.swift */,
				1428B2B7544B3F6DDABF69BA /* DashboardView.swift */,
				1D071F1CF3D62971E99E7446 /* ListBatchController.swift */,
				24F5E39018B0F8FEF488527C /* ListDetailComparisonSection.swift */,
				7930ABCB9DDA0325197A398A /* ListDetailMembersSection.swift */,
				A63773A69DCC33A8E4CF380A /* ListDetailModels.swift */,
				B55575E25BE062386D5FC79B /* ListDetailSearchSection.swift */,
				504E97996E88A5FB4E5747DA /* ListDetailSheets.swift */,
				390E45D6B465D6470D878D0D /* ListDetailSnapshotSection.swift */,
				126E29C1EE615694DF95553D /* ListDetailView.swift */,
				B12265535BE015A48B451511 /* ListDetailView+Helpers.swift */,
				EBE960440B30CBC64A390168 /* ListDetailViewModel.swift */,
				B5A8121B7C0C147CA5085B44 /* ListDetailViewModel+Bulk.swift */,
				C80E5F0901F51FE022BA9DE4 /* ListDetailViewModel+Data.swift */,
				19BA605E31B60F1A71763C15 /* ListDetailViewModel+Search.swift */,
				8C8944A8F7D5BF2C5458D50A /* ListDiffController.swift */,
				AF69C498C96A3D2D3FC09B29 /* ListImportController.swift */,
				2280BC45F8BE5A6E1B43CE9D /* ListMembersController.swift */,
				5726B67E2FB6C49AD66393D0 /* ListRowView.swift */,
				DF724B3AC46DD8943DA15180 /* ListsView.swift */,
				5B209B0F15D6518DF3A8F996 /* ListsViewModel.swift */,
				298FB52B464CB1851425B485 /* PendingActionsSheet.swift */,
				1C0333662556B11CF98A88B2 /* RelationshipsView.swift */,
				45F8825C7C13612438EC2AE6 /* SubscribeToListView.swift */,
			);
			path = Lists;
			sourceTree = "<group>";
		};
		8E32C1353A6200DF268DB011 /* Sources */ = {
			isa = PBXGroup;
			children = (
				621698A9FC68F77DFAFDC6CA /* App */,
				EDAC24BF1A9E7EF77CFF2D44 /* Domain */,
				C68EEE8366B56A96BEA99017 /* Features */,
				0E8E7C36D902FC6A66A08A95 /* Shared */,
			);
			path = Sources;
			sourceTree = "<group>";
		};
		9B701020A828B1CC125C3D35 /* Support */ = {
			isa = PBXGroup;
			children = (
				37CE139069C586A154B49E19 /* ActionPresetStore.swift */,
				818C1FF1BC72D8596CCBB0F0 /* AppError.swift */,
				2BBAF9ED6126620E1729E736 /* AppLogger.swift */,
				69EC0405E28F2993D2F08CD9 /* LoadableState.swift */,
				0CD5EDFE8B1DAAE5AB4D0656 /* SearchToken.swift */,
				73A46736FC0C1C5021AF660D /* String+CSV.swift */,
				F04D96EE5014E7DB9DA13C19 /* URL+Bluesky.swift */,
			);
			path = Support;
			sourceTree = "<group>";
		};
		AD44E76E782CA89924E30F6D /* Services */ = {
			isa = PBXGroup;
			children = (
				D0343E7705C27F52D7BD3B03 /* AccountStore.swift */,
				79BE861EB8C76980DD8DD581 /* ActionQueueStore.swift */,
				4590FB0D22143F4162812588 /* BlueskyAPIDTOs.swift */,
				C65C73E860FC0B9A04A7E781 /* BlueskyAPIError.swift */,
				A5A66DCBAD6A830220641347 /* BlueskyListService.swift */,
				7E19ABD0130D0DC00A52ED38 /* BlueskyListServicing.swift */,
				54B1E02BE44CA22084439787 /* BlueskyProfileInspecting.swift */,
				08CDD4AC481D588629B31A73 /* BlueskyProfileService.swift */,
				39B01267CADAE8DD6E824E38 /* BlueskyRequestExecutor.swift */,
				03561C1580449FBB58D3E623 /* BlueskySessionService.swift */,
				A59AA1ED0E3DB179E3F2B921 /* DashboardCache.swift */,
				BFF191EB15C70F7E9EDEBF65 /* KeychainService.swift */,
				71F1147B361CE2AA95C77F9A /* LiveBlueskyClient.swift */,
				D518E231CD77FA86955D8DBE /* ModerationAuditStore.swift */,
				8276C95D84E24D1C7E651B65 /* ModerationWorkspaceStore.swift */,
				D6BE810AB5A008635BAA3BD1 /* PreviewBlueskyClient.swift */,
				31CB1BC8F1FC46CC9125FAA6 /* RelationshipCache.swift */,
				0FA3F299400BF2699443484B /* WorkspacePreferencesStore.swift */,
				D90DF5CF27BCD1C048971A79 /* Preview */,
			);
			path = Services;
			sourceTree = "<group>";
		};
		B0D0E0BB045E29D4E330FDD2 /* Models */ = {
			isa = PBXGroup;
			children = (
				9B75DDE6EF1B1F01473C8449 /* AppAccount.swift */,
				A28FAFCF58F647BD69091D56 /* BlueskyActor.swift */,
				8024A6F4F98C08C9D5523C72 /* BlueskyList.swift */,
				3E071265425B642977F4F283 /* BlueskyListMember.swift */,
				6B80E5E2025B8AA5882C4DF2 /* BlueskyProfile.swift */,
				AB79ABBA6F2ED069100538D3 /* ProfileMembershipModels.swift */,
			);
			path = Models;
			sourceTree = "<group>";
		};
		C68EEE8366B56A96BEA99017 /* Features */ = {
			isa = PBXGroup;
			children = (
				30D460E4F2BBD4BF88567A39 /* Accounts */,
				8C8C4BAB839295B448E5CB46 /* Lists */,
				E7780489900E2AAA732149C9 /* Profile */,
			);
			path = Features;
			sourceTree = "<group>";
		};
		D90DF5CF27BCD1C048971A79 /* Preview */ = {
			isa = PBXGroup;
			children = (
				CB61E1D6174ECCA54D9A4C82 /* MockBlueskyListService.swift */,
				8A302F1C081E6B67399ABD05 /* MockBlueskyProfileService.swift */,
			);
			path = Preview;
			sourceTree = "<group>";
		};
		DEE35FCD50996D2AF59F8C5C /* Components */ = {
			isa = PBXGroup;
			children = (
				E62D1726B87CDC5F70DF05EB /* AccountChip.swift */,
				E02F73A9B4075276A0DA42A2 /* AccountSummaryCard.swift */,
				EA7FBB1661AB736F578D68EA /* AccountSwitcherSheet.swift */,
				BEA376BD8195C6A2CAAC7991 /* ActivityLogView.swift */,
				D8CB9DF2B9A1EF17F60EBFAB /* ActorSearchResultRow.swift */,
				955786A2EEC90205E3714E5F /* BlueskyActorRow.swift */,
				DB8AAD4D3A2E278AC0E58F83 /* StatePanels.swift */,
			);
			path = Components;
			sourceTree = "<group>";
		};
		E3E5A87160FC7A7A96A2CAA2 /* Assets */ = {
			isa = PBXGroup;
			children = (
				53649A49B5C112C35534FB0D /* Assets.xcassets */,
			);
			path = Assets;
			sourceTree = "<group>";
		};
		E7780489900E2AAA732149C9 /* Profile */ = {
			isa = PBXGroup;
			children = (
				CB4E57BAD6E7DFECAC4CBBD3 /* BulkProfileLookupView.swift */,
				F982B765138381E62C838174 /* BulkProfileLookupViewModel.swift */,
				440FEDDE082EAEE9C03C608F /* ProfileInspectorView.swift */,
				24B8DD93DE77C5A5C4DA5283 /* ProfileInspectorViewModel.swift */,
			);
			path = Profile;
			sourceTree = "<group>";
		};
		EDAC24BF1A9E7EF77CFF2D44 /* Domain */ = {
			isa = PBXGroup;
			children = (
				B0D0E0BB045E29D4E330FDD2 /* Models */,
				AD44E76E782CA89924E30F6D /* Services */,
			);
			path = Domain;
			sourceTree = "<group>";
		};
		FDC5A6AE09C10E0CB88AB48F = {
			isa = PBXGroup;
			children = (
				E3E5A87160FC7A7A96A2CAA2 /* Assets */,
				8E32C1353A6200DF268DB011 /* Sources */,
				7866046630E2B2FB9CD3F858 /* Tests */,
				1D65783AB0F7DA3F704BF9AD /* UITests */,
				2C66AC571494875A467CE391 /* Products */,
			);
			sourceTree = "<group>";
		};
/* End PBXGroup section */

/* Begin PBXNativeTarget section */
		0608BB4380516450DC5105DF /* BlueskyModeration */ = {
			isa = PBXNativeTarget;
			buildConfigurationList = C9325A2D352AE1B1F855996B /* Build configuration list for PBXNativeTarget "BlueskyModeration" */;
			buildPhases = (
				E0DB55B7BD071FC231FED44C /* Sources */,
				0112E3AD0635514D9AB0A10F /* Resources */,
			);
			buildRules = (
			);
			dependencies = (
			);
			name = BlueskyModeration;
			packageProductDependencies = (
			);
			productName = BlueskyModeration;
			productReference = C90099ED0910E3AD55FA3EE7 /* BlueskyModeration.app */;
			productType = "com.apple.product-type.application";
		};
		28FA462115B88F07A4C1D7CE /* BlueskyModerationUITests */ = {
			isa = PBXNativeTarget;
			buildConfigurationList = CE5A5352A344485CF76BEBB9 /* Build configuration list for PBXNativeTarget "BlueskyModerationUITests" */;
			buildPhases = (
				2AEBEC0524270C27A03A64D4 /* Sources */,
			);
			buildRules = (
			);
			dependencies = (
				6CF701D310CFF889E3DF70E5 /* PBXTargetDependency */,
			);
			name = BlueskyModerationUITests;
			packageProductDependencies = (
			);
			productName = BlueskyModerationUITests;
			productReference = A75D4B96CCBDE80859B84D44 /* BlueskyModerationUITests.xctest */;
			productType = "com.apple.product-type.bundle.ui-testing";
		};
		BB78A64869C0B0E9C7DFE2F2 /* BlueskyModerationTests */ = {
			isa = PBXNativeTarget;
			buildConfigurationList = 642621680D73514531F8087D /* Build configuration list for PBXNativeTarget "BlueskyModerationTests" */;
			buildPhases = (
				44AC9DAFE418E7257BAAC4FC /* Sources */,
			);
			buildRules = (
			);
			dependencies = (
				3C56D25A5900692ECDF89B30 /* PBXTargetDependency */,
			);
			name = BlueskyModerationTests;
			packageProductDependencies = (
			);
			productName = BlueskyModerationTests;
			productReference = AA8D879CEE0CCABEBCC5C909 /* BlueskyModerationTests.xctest */;
			productType = "com.apple.product-type.bundle.unit-test";
		};
/* End PBXNativeTarget section */

/* Begin PBXProject section */
		2A3FD4F02C5D5F10C6DFE927 /* Project object */ = {
			isa = PBXProject;
			attributes = {
				BuildIndependentTargetsInParallel = YES;
				LastUpgradeCheck = 1430;
				TargetAttributes = {
					0608BB4380516450DC5105DF = {
						DevelopmentTeam = "";
					};
					28FA462115B88F07A4C1D7CE = {
						DevelopmentTeam = "";
						TestTargetID = 0608BB4380516450DC5105DF;
					};
					BB78A64869C0B0E9C7DFE2F2 = {
						DevelopmentTeam = "";
					};
				};
			};
			buildConfigurationList = 4EBE9F5E9519F52577788232 /* Build configuration list for PBXProject "BlueskyModeration" */;
			developmentRegion = en;
			hasScannedForEncodings = 0;
			knownRegions = (
				Base,
				en,
			);
			mainGroup = FDC5A6AE09C10E0CB88AB48F;
			minimizedProjectReferenceProxies = 1;
			preferredProjectObjectVersion = 77;
			productRefGroup = 2C66AC571494875A467CE391 /* Products */;
			projectDirPath = "";
			projectRoot = "";
			targets = (
				0608BB4380516450DC5105DF /* BlueskyModeration */,
				BB78A64869C0B0E9C7DFE2F2 /* BlueskyModerationTests */,
				28FA462115B88F07A4C1D7CE /* BlueskyModerationUITests */,
			);
		};
/* End PBXProject section */

/* Begin PBXResourcesBuildPhase section */
		0112E3AD0635514D9AB0A10F /* Resources */ = {
			isa = PBXResourcesBuildPhase;
			buildActionMask = 2147483647;
			files = (
				BE687452B0CF1076EFB538B2 /* Assets.xcassets in Resources */,
				EBABB53D67C08509335CB44B /* PrivacyInfo.xcprivacy in Resources */,
			);
			runOnlyForDeploymentPostprocessing = 0;
		};
/* End PBXResourcesBuildPhase section */

/* Begin PBXSourcesBuildPhase section */
		2AEBEC0524270C27A03A64D4 /* Sources */ = {
			isa = PBXSourcesBuildPhase;
			buildActionMask = 2147483647;
			files = (
				D4F4D67D084C967A7456D693 /* BlueskyModerationUITests.swift in Sources */,
			);
			runOnlyForDeploymentPostprocessing = 0;
		};
		44AC9DAFE418E7257BAAC4FC /* Sources */ = {
			isa = PBXSourcesBuildPhase;
			buildActionMask = 2147483647;
			files = (
				23529560224DEA5BC267E083 /* AccountStoreTests.swift in Sources */,
				4672C06BC5818627A361E4E6 /* ActionQueueStoreTests.swift in Sources */,
				2E1D99A664E1747B58EDCDA1 /* AppErrorTests.swift in Sources */,
				BC2828F4805242D4DBC05708 /* BlueskyAPIDTOsTests.swift in Sources */,
				4E98C92BC39174E0EBA9E968 /* BlueskyListServiceTests.swift in Sources */,
				0AFF9FE27EBBC108A9850FC6 /* BlueskyProfileServiceTests.swift in Sources */,
				BBB052AA616857501F99262D /* BlueskyRequestExecutorTests.swift in Sources */,
				871C1D00BAC2C0E8A2B256C0 /* KeychainServiceTests.swift in Sources */,
				2DCEF11C03A8F8DC42E406EA /* ListBatchControllerTests.swift in Sources */,
				43D9E9FB9FF600E8583EF130 /* ListDetailViewModelTests.swift in Sources */,
				E4CBFC8AF053A725DC813B3E /* ListDiffControllerTests.swift in Sources */,
				A3F338CFC071F3A35D6EA3BF /* ListImportControllerTests.swift in Sources */,
				F669D46B90E1AFCB9D4CBF7A /* ListMembersControllerTests.swift in Sources */,
				3EAD01291224F057BC41176D /* ListsViewModelTests.swift in Sources */,
				FBCAEE11846462E1D118A3B4 /* LiveAuthenticationTests.swift in Sources */,
				A3F6E958D672820C54784B07 /* LiveBlueskyClientTests.swift in Sources */,
				F6E8BEBC5F4AAF958D96F500 /* LoadableStateTests.swift in Sources */,
				81C6F92744CD71DB025E4A38 /* ModerationAuditStoreTests.swift in Sources */,
				B90585D2016E034BC9D25A68 /* ModerationWorkspaceStoreTests.swift in Sources */,
				808F386501A09A708A6FA847 /* ProfileInspectorViewModelTests.swift in Sources */,
				EFBCEA1D95F78DE2514102EB /* RelationshipCacheTests.swift in Sources */,
				DA8E8EE0AF25BD4A24DC9C23 /* StringCSVTests.swift in Sources */,
				F8E60C9C5249C1FE0742E8D9 /* TestHelpers.swift in Sources */,
				451F236DC593ED94290314C7 /* URLBlueskyTests.swift in Sources */,
				94E753C0AECBBD439B885AC0 /* WorkspacePreferencesStoreTests.swift in Sources */,
			);
			runOnlyForDeploymentPostprocessing = 0;
		};
		E0DB55B7BD071FC231FED44C /* Sources */ = {
			isa = PBXSourcesBuildPhase;
			buildActionMask = 2147483647;
			files = (
				82CBAF902B663768E4D611DC /* AccountChip.swift in Sources */,
				A9DFAF09C7006932F7F4EEF2 /* AccountRowView.swift in Sources */,
				189FA455C5241B0C5451208C /* AccountStore.swift in Sources */,
				13BF687163F3A2FC9A88AA04 /* AccountSummaryCard.swift in Sources */,
				B3326FFFD84B1C034E066A64 /* AccountSwitcherSheet.swift in Sources */,
				AD4B8FEC277751168226CFB2 /* ActionPresetStore.swift in Sources */,
				6072099E9BFE97B5EA453F4A /* ActionPresetsView.swift in Sources */,
				94FA3749012F8FE45D8FA1F2 /* ActionQueueStore.swift in Sources */,
				E71FF9F93503AAEB91586E64 /* ActivityLogView.swift in Sources */,
				D8C2721E53E07E05A76EDF71 /* ActorSearchResultRow.swift in Sources */,
				4BE36982C76EB339751B3733 /* AddAccountView.swift in Sources */,
				E4FED0E311A32EE25C4835BD /* AppAccount.swift in Sources */,
				D5061270BE9B85619B7F29CF /* AppDependencies.swift in Sources */,
				E14D5EE07F4C332E0713DE3C /* AppError.swift in Sources */,
				AA40D44DFBE3BE3807034AE4 /* AppLogger.swift in Sources */,
				8D51374098DD19897AD47672 /* BlueskyAPIDTOs.swift in Sources */,
				71078C5514EE9940C0B02C63 /* BlueskyAPIError.swift in Sources */,
				BDF8395A7521312660E32084 /* BlueskyActor.swift in Sources */,
				769FD129FB4226B167ABC9A8 /* BlueskyActorRow.swift in Sources */,
				D61EDB1289462368B28C579D /* BlueskyList.swift in Sources */,
				717340FD0D8E509C8A2A946D /* BlueskyListMember.swift in Sources */,
				121BF1E5DD44EEE41545C343 /* BlueskyListService.swift in Sources */,
				0512C626C2B7E63DA47027D6 /* BlueskyListServicing.swift in Sources */,
				2DD6A7326E46DFC9DFBFE88D /* BlueskyModerationApp.swift in Sources */,
				C83A3BE167467FF43C0ABAEF /* BlueskyProfile.swift in Sources */,
				BB85B48F5FB424C42266DEDB /* BlueskyProfileInspecting.swift in Sources */,
				38C75234FE676706D9257CFF /* BlueskyProfileService.swift in Sources */,
				1B362E45A02E3DF1A7EF962C /* BlueskyProfileView.swift in Sources */,
				60B49F6F117771AD08C7BBC3 /* BlueskyProfileViewModel.swift in Sources */,
				82DFC595354A428ABCBC5BDB /* BlueskyRequestExecutor.swift in Sources */,
				21F961EE9D4E554A91E4AC70 /* BlueskySessionService.swift in Sources */,
				55718730D3E181B90078F4E7 /* BulkProfileLookupView.swift in Sources */,
				30F4D56FFAA1630DC9192E2C /* BulkProfileLookupViewModel.swift in Sources */,
				DDD604A9F008B2000E73FCC0 /* Color+BlueskyModeration.swift in Sources */,
				7B5BF1C7905CE59F13B13C44 /* CreateListSheet.swift in Sources */,
				3416BB3C2276A7D57F86B9AA /* DashboardCache.swift in Sources */,
				6691930F0ED40550F40E1E1E /* DashboardView.swift in Sources */,
				BCB345A8FC2C437F7F8D790D /* InfoView.swift in Sources */,
				4DD5A9A61D05C01F947D6B26 /* KeychainService.swift in Sources */,
				D1A943CFC4E34A0720ADF9DD /* ListBatchController.swift in Sources */,
				ABBCDDBB713AD546DADE2858 /* ListDetailComparisonSection.swift in Sources */,
				78FB60ACB6D4E62D9A06E700 /* ListDetailMembersSection.swift in Sources */,
				668F2BDCA14645A65832BEF9 /* ListDetailModels.swift in Sources */,
				FE52C2E1A916BE536488FF38 /* ListDetailSearchSection.swift in Sources */,
				370BAE15512660E3169D0BD3 /* ListDetailSheets.swift in Sources */,
				47004735F9E5C065D7CE10E2 /* ListDetailSnapshotSection.swift in Sources */,
				99CBFED5BCD536122863CE17 /* ListDetailView+Helpers.swift in Sources */,
				2CB92A8E77AA4D6B6D6AE3A9 /* ListDetailView.swift in Sources */,
				880CC4BE7AAA1787AA97A307 /* ListDetailViewModel+Bulk.swift in Sources */,
				E0F5CDD5D20CFC6D02B6CE33 /* ListDetailViewModel+Data.swift in Sources */,
				84BB828A96C5EF3BD0DFFC3C /* ListDetailViewModel+Search.swift in Sources */,
				34464420AD723967E1569B62 /* ListDetailViewModel.swift in Sources */,
				D79F94DEA3D67017CC610E87 /* ListDiffController.swift in Sources */,
				D4D656780E36F0E54596E78F /* ListImportController.swift in Sources */,
				CB2A496A7D7678C0B77FD2EF /* ListMembersController.swift in Sources */,
				2A5C54BEF7D9B3596765D3B7 /* ListRowView.swift in Sources */,
				486CF862075A6505E5BBF479 /* ListsView.swift in Sources */,
				ABFCB705F3EF28B376E27AE3 /* ListsViewModel.swift in Sources */,
				4D4A0E7CA1EB679CB9C783C3 /* LiveBlueskyClient.swift in Sources */,
				06F7D806B2C3522A82D3A99A /* LoadableState.swift in Sources */,
				C4A09AF0287AFF8D082510A1 /* MockBlueskyListService.swift in Sources */,
				CCC4DAC3D5FB15D0CD9C50A5 /* MockBlueskyProfileService.swift in Sources */,
				FD5A0A546B8B9B5F59AA9E19 /* ModerationAuditStore.swift in Sources */,
				08EB742F3AE1C460EE990875 /* ModerationWorkspaceStore.swift in Sources */,
				C43E6FB7AC166AB8B45E991A /* PendingActionsSheet.swift in Sources */,
				57463BDF5FE8746553C8DF37 /* PreviewBlueskyClient.swift in Sources */,
				818FB9B3ACB323DBDC411784 /* ProfileInspectorView.swift in Sources */,
				5E22B125B79A8F3D0697BE2A /* ProfileInspectorViewModel.swift in Sources */,
				178D70F028B5C4268AA7124E /* ProfileMembershipModels.swift in Sources */,
				878D807B5A85A664CFDBD4DC /* RelationshipCache.swift in Sources */,
				7B0F420541C16E2AEE22861B /* RelationshipsView.swift in Sources */,
				54C2EF8D797B10C173440B6D /* RootView.swift in Sources */,
				D018A537FFAA6F6B993EF30D /* SearchToken.swift in Sources */,
				9DDC086668CD4E5B2A2D0963 /* SettingsView.swift in Sources */,
				FA4E45A6CCB838DD52136561 /* StatePanels.swift in Sources */,
				4E1D963D5E4BDB9BEE41DF5A /* String+CSV.swift in Sources */,
				6AA1DB69282BE83DA6D0739A /* SubscribeToListView.swift in Sources */,
				1451E14BA474137BB905A6A6 /* URL+Bluesky.swift in Sources */,
				2A361832265E870EAA9D4997 /* WorkspacePreferencesStore.swift in Sources */,
			);
			runOnlyForDeploymentPostprocessing = 0;
		};
/* End PBXSourcesBuildPhase section */

/* Begin PBXTargetDependency section */
		3C56D25A5900692ECDF89B30 /* PBXTargetDependency */ = {
			isa = PBXTargetDependency;
			target = 0608BB4380516450DC5105DF /* BlueskyModeration */;
			targetProxy = 98E5ECD67FA05F33E5C002FC /* PBXContainerItemProxy */;
		};
		6CF701D310CFF889E3DF70E5 /* PBXTargetDependency */ = {
			isa = PBXTargetDependency;
			target = 0608BB4380516450DC5105DF /* BlueskyModeration */;
			targetProxy = BB0E803DE9BB1C4D11A397D6 /* PBXContainerItemProxy */;
		};
/* End PBXTargetDependency section */

/* Begin XCBuildConfiguration section */
		20B322FB2C68B626E8B782CF /* Debug */ = {
			isa = XCBuildConfiguration;
			buildSettings = {
				BUNDLE_LOADER = "$(TEST_HOST)";
				GENERATE_INFOPLIST_FILE = YES;
				LD_RUNPATH_SEARCH_PATHS = (
					"$(inherited)",
					"@executable_path/Frameworks",
					"@loader_path/Frameworks",
				);
				PRODUCT_BUNDLE_IDENTIFIER = com.ajung.BlueskyModerationTests;
				PRODUCT_NAME = BlueskyModerationTests;
				SDKROOT = iphoneos;
				TARGETED_DEVICE_FAMILY = "1,2";
				TEST_HOST = "$(BUILT_PRODUCTS_DIR)/BlueskyModeration.app/BlueskyModeration";
			};
			name = Debug;
		};
		2BBC2AA3AC3ADF5D4E9F3B64 /* Release */ = {
			isa = XCBuildConfiguration;
			buildSettings = {
				BUNDLE_LOADER = "$(TEST_HOST)";
				GENERATE_INFOPLIST_FILE = YES;
				LD_RUNPATH_SEARCH_PATHS = (
					"$(inherited)",
					"@executable_path/Frameworks",
					"@loader_path/Frameworks",
				);
				PRODUCT_BUNDLE_IDENTIFIER = com.ajung.BlueskyModerationTests;
				PRODUCT_NAME = BlueskyModerationTests;
				SDKROOT = iphoneos;
				TARGETED_DEVICE_FAMILY = "1,2";
				TEST_HOST = "$(BUILT_PRODUCTS_DIR)/BlueskyModeration.app/BlueskyModeration";
			};
			name = Release;
		};
		62AF9671C2BD12BF2BAA80BD /* Debug */ = {
			isa = XCBuildConfiguration;
			buildSettings = {
				ALWAYS_SEARCH_USER_PATHS = NO;
				CLANG_ANALYZER_NONNULL = YES;
				CLANG_ANALYZER_NUMBER_OBJECT_CONVERSION = YES_AGGRESSIVE;
				CLANG_CXX_LANGUAGE_STANDARD = "gnu++14";
				CLANG_CXX_LIBRARY = "libc++";
				CLANG_ENABLE_MODULES = YES;
				CLANG_ENABLE_OBJC_ARC = YES;
				CLANG_ENABLE_OBJC_WEAK = YES;
				CLANG_WARN_BLOCK_CAPTURE_AUTORELEASING = YES;
				CLANG_WARN_BOOL_CONVERSION = YES;
				CLANG_WARN_COMMA = YES;
				CLANG_WARN_CONSTANT_CONVERSION = YES;
				CLANG_WARN_DEPRECATED_OBJC_IMPLEMENTATIONS = YES;
				CLANG_WARN_DIRECT_OBJC_ISA_USAGE = YES_ERROR;
				CLANG_WARN_DOCUMENTATION_COMMENTS = YES;
				CLANG_WARN_EMPTY_BODY = YES;
				CLANG_WARN_ENUM_CONVERSION = YES;
				CLANG_WARN_INFINITE_RECURSION = YES;
				CLANG_WARN_INT_CONVERSION = YES;
				CLANG_WARN_NON_LITERAL_NULL_CONVERSION = YES;
				CLANG_WARN_OBJC_IMPLICIT_RETAIN_SELF = YES;
				CLANG_WARN_OBJC_LITERAL_CONVERSION = YES;
				CLANG_WARN_OBJC_ROOT_CLASS = YES_ERROR;
				CLANG_WARN_QUOTED_INCLUDE_IN_FRAMEWORK_HEADER = YES;
				CLANG_WARN_RANGE_LOOP_ANALYSIS = YES;
				CLANG_WARN_STRICT_PROTOTYPES = YES;
				CLANG_WARN_SUSPICIOUS_MOVE = YES;
				CLANG_WARN_UNGUARDED_AVAILABILITY = YES_AGGRESSIVE;
				CLANG_WARN_UNREACHABLE_CODE = YES;
				CLANG_WARN__DUPLICATE_METHOD_MATCH = YES;
				COPY_PHASE_STRIP = NO;
				DEBUG_INFORMATION_FORMAT = dwarf;
				DEVELOPMENT_TEAM = "";
				ENABLE_STRICT_OBJC_MSGSEND = YES;
				ENABLE_TESTABILITY = YES;
				GCC_C_LANGUAGE_STANDARD = gnu11;
				GCC_DYNAMIC_NO_PIC = NO;
				GCC_NO_COMMON_BLOCKS = YES;
				GCC_OPTIMIZATION_LEVEL = 0;
				GCC_PREPROCESSOR_DEFINITIONS = (
					"$(inherited)",
					"DEBUG=1",
				);
				GCC_WARN_64_TO_32_BIT_CONVERSION = YES;
				GCC_WARN_ABOUT_RETURN_TYPE = YES_ERROR;
				GCC_WARN_UNDECLARED_SELECTOR = YES;
				GCC_WARN_UNINITIALIZED_AUTOS = YES_AGGRESSIVE;
				GCC_WARN_UNUSED_FUNCTION = YES;
				GCC_WARN_UNUSED_VARIABLE = YES;
				IPHONEOS_DEPLOYMENT_TARGET = 17.0;
				MTL_ENABLE_DEBUG_INFO = INCLUDE_SOURCE;
				MTL_FAST_MATH = YES;
				ONLY_ACTIVE_ARCH = YES;
				PRODUCT_NAME = BlueskyModeration;
				SDKROOT = iphoneos;
				SWIFT_ACTIVE_COMPILATION_CONDITIONS = DEBUG;
				SWIFT_OPTIMIZATION_LEVEL = "-Onone";
				SWIFT_VERSION = 6.0;
			};
			name = Debug;
		};
		68A5733439108BF472BBD76D /* Release */ = {
			isa = XCBuildConfiguration;
			buildSettings = {
				ALWAYS_SEARCH_USER_PATHS = NO;
				CLANG_ANALYZER_NONNULL = YES;
				CLANG_ANALYZER_NUMBER_OBJECT_CONVERSION = YES_AGGRESSIVE;
				CLANG_CXX_LANGUAGE_STANDARD = "gnu++14";
				CLANG_CXX_LIBRARY = "libc++";
				CLANG_ENABLE_MODULES = YES;
				CLANG_ENABLE_OBJC_ARC = YES;
				CLANG_ENABLE_OBJC_WEAK = YES;
				CLANG_WARN_BLOCK_CAPTURE_AUTORELEASING = YES;
				CLANG_WARN_BOOL_CONVERSION = YES;
				CLANG_WARN_COMMA = YES;
				CLANG_WARN_CONSTANT_CONVERSION = YES;
				CLANG_WARN_DEPRECATED_OBJC_IMPLEMENTATIONS = YES;
				CLANG_WARN_DIRECT_OBJC_ISA_USAGE = YES_ERROR;
				CLANG_WARN_DOCUMENTATION_COMMENTS = YES;
				CLANG_WARN_EMPTY_BODY = YES;
				CLANG_WARN_ENUM_CONVERSION = YES;
				CLANG_WARN_INFINITE_RECURSION = YES;
				CLANG_WARN_INT_CONVERSION = YES;
				CLANG_WARN_NON_LITERAL_NULL_CONVERSION = YES;
				CLANG_WARN_OBJC_IMPLICIT_RETAIN_SELF = YES;
				CLANG_WARN_OBJC_LITERAL_CONVERSION = YES;
				CLANG_WARN_OBJC_ROOT_CLASS = YES_ERROR;
				CLANG_WARN_QUOTED_INCLUDE_IN_FRAMEWORK_HEADER = YES;
				CLANG_WARN_RANGE_LOOP_ANALYSIS = YES;
				CLANG_WARN_STRICT_PROTOTYPES = YES;
				CLANG_WARN_SUSPICIOUS_MOVE = YES;
				CLANG_WARN_UNGUARDED_AVAILABILITY = YES_AGGRESSIVE;
				CLANG_WARN_UNREACHABLE_CODE = YES;
				CLANG_WARN__DUPLICATE_METHOD_MATCH = YES;
				COPY_PHASE_STRIP = NO;
				DEBUG_INFORMATION_FORMAT = "dwarf-with-dsym";
				DEVELOPMENT_TEAM = "";
				ENABLE_NS_ASSERTIONS = NO;
				ENABLE_STRICT_OBJC_MSGSEND = YES;
				GCC_C_LANGUAGE_STANDARD = gnu11;
				GCC_NO_COMMON_BLOCKS = YES;
				GCC_WARN_64_TO_32_BIT_CONVERSION = YES;
				GCC_WARN_ABOUT_RETURN_TYPE = YES_ERROR;
				GCC_WARN_UNDECLARED_SELECTOR = YES;
				GCC_WARN_UNINITIALIZED_AUTOS = YES_AGGRESSIVE;
				GCC_WARN_UNUSED_FUNCTION = YES;
				GCC_WARN_UNUSED_VARIABLE = YES;
				IPHONEOS_DEPLOYMENT_TARGET = 17.0;
				MTL_ENABLE_DEBUG_INFO = NO;
				MTL_FAST_MATH = YES;
				PRODUCT_NAME = BlueskyModeration;
				SDKROOT = iphoneos;
				SWIFT_COMPILATION_MODE = wholemodule;
				SWIFT_OPTIMIZATION_LEVEL = "-O";
				SWIFT_VERSION = 6.0;
			};
			name = Release;
		};
		8BA98F74DC17AF33627EA09D /* Debug */ = {
			isa = XCBuildConfiguration;
			buildSettings = {
				BUNDLE_LOADER = "$(TEST_HOST)";
				GENERATE_INFOPLIST_FILE = YES;
				LD_RUNPATH_SEARCH_PATHS = (
					"$(inherited)",
					"@executable_path/Frameworks",
					"@loader_path/Frameworks",
				);
				PRODUCT_BUNDLE_IDENTIFIER = com.ajung.BlueskyModerationUITests;
				PRODUCT_NAME = BlueskyModerationUITests;
				SDKROOT = iphoneos;
				TARGETED_DEVICE_FAMILY = "1,2";
				TEST_TARGET_NAME = BlueskyModeration;
			};
			name = Debug;
		};
		A316FA01CB1D79E717089034 /* Release */ = {
			isa = XCBuildConfiguration;
			buildSettings = {
				ASSETCATALOG_COMPILER_APPICON_NAME = AppIcon;
				CODE_SIGN_IDENTITY = "iPhone Developer";
				GENERATE_INFOPLIST_FILE = YES;
				INFOPLIST_KEY_CFBundleDisplayName = Rulyx;
				INFOPLIST_KEY_UIApplicationSceneManifest_Generation = YES;
				INFOPLIST_KEY_UIApplicationSupportsIndirectInputEvents = YES;
				INFOPLIST_KEY_UILaunchScreen_Generation = YES;
				INFOPLIST_KEY_UISupportedInterfaceOrientations_iPhone = UIInterfaceOrientationPortrait;
				LD_RUNPATH_SEARCH_PATHS = (
					"$(inherited)",
					"@executable_path/Frameworks",
				);
				PRODUCT_BUNDLE_IDENTIFIER = com.ajung.BlueskyModeration;
				SDKROOT = iphoneos;
				TARGETED_DEVICE_FAMILY = 1;
			};
			name = Release;
		};
		C6680359D3A717227CC3C4DC /* Release */ = {
			isa = XCBuildConfiguration;
			buildSettings = {
				BUNDLE_LOADER = "$(TEST_HOST)";
				GENERATE_INFOPLIST_FILE = YES;
				LD_RUNPATH_SEARCH_PATHS = (
					"$(inherited)",
					"@executable_path/Frameworks",
					"@loader_path/Frameworks",
				);
				PRODUCT_BUNDLE_IDENTIFIER = com.ajung.BlueskyModerationUITests;
				PRODUCT_NAME = BlueskyModerationUITests;
				SDKROOT = iphoneos;
				TARGETED_DEVICE_FAMILY = "1,2";
				TEST_TARGET_NAME = BlueskyModeration;
			};
			name = Release;
		};
		F0C9BC833B8770239AAD981B /* Debug */ = {
			isa = XCBuildConfiguration;
			buildSettings = {
				ASSETCATALOG_COMPILER_APPICON_NAME = AppIcon;
				CODE_SIGN_IDENTITY = "iPhone Developer";
				GENERATE_INFOPLIST_FILE = YES;
				INFOPLIST_KEY_CFBundleDisplayName = Rulyx;
				INFOPLIST_KEY_UIApplicationSceneManifest_Generation = YES;
				INFOPLIST_KEY_UIApplicationSupportsIndirectInputEvents = YES;
				INFOPLIST_KEY_UILaunchScreen_Generation = YES;
				INFOPLIST_KEY_UISupportedInterfaceOrientations_iPhone = UIInterfaceOrientationPortrait;
				LD_RUNPATH_SEARCH_PATHS = (
					"$(inherited)",
					"@executable_path/Frameworks",
				);
				PRODUCT_BUNDLE_IDENTIFIER = com.ajung.BlueskyModeration;
				SDKROOT = iphoneos;
				TARGETED_DEVICE_FAMILY = 1;
			};
			name = Debug;
		};
/* End XCBuildConfiguration section */

/* Begin XCConfigurationList section */
		4EBE9F5E9519F52577788232 /* Build configuration list for PBXProject "BlueskyModeration" */ = {
			isa = XCConfigurationList;
			buildConfigurations = (
				62AF9671C2BD12BF2BAA80BD /* Debug */,
				68A5733439108BF472BBD76D /* Release */,
			);
			defaultConfigurationIsVisible = 0;
			defaultConfigurationName = Debug;
		};
		642621680D73514531F8087D /* Build configuration list for PBXNativeTarget "BlueskyModerationTests" */ = {
			isa = XCConfigurationList;
			buildConfigurations = (
				20B322FB2C68B626E8B782CF /* Debug */,
				2BBC2AA3AC3ADF5D4E9F3B64 /* Release */,
			);
			defaultConfigurationIsVisible = 0;
			defaultConfigurationName = Debug;
		};
		C9325A2D352AE1B1F855996B /* Build configuration list for PBXNativeTarget "BlueskyModeration" */ = {
			isa = XCConfigurationList;
			buildConfigurations = (
				F0C9BC833B8770239AAD981B /* Debug */,
				A316FA01CB1D79E717089034 /* Release */,
			);
			defaultConfigurationIsVisible = 0;
			defaultConfigurationName = Debug;
		};
		CE5A5352A344485CF76BEBB9 /* Build configuration list for PBXNativeTarget "BlueskyModerationUITests" */ = {
			isa = XCConfigurationList;
			buildConfigurations = (
				8BA98F74DC17AF33627EA09D /* Debug */,
				C6680359D3A717227CC3C4DC /* Release */,
			);
			defaultConfigurationIsVisible = 0;
			defaultConfigurationName = Debug;
		};
/* End XCConfigurationList section */
	};
	rootObject = 2A3FD4F02C5D5F10C6DFE927 /* Project object */;
}
