// !$*UTF8*$!
{
	archiveVersion = 1;
	classes = {
	};
	objectVersion = 77;
	objects = {

/* Begin PBXBuildFile section */
		0512C626C2B7E63DA47027D6 /* BlueskyListServicing.swift in Sources */ = {isa = PBXBuildFile; fileRef = 7E19ABD0130D0DC00A52ED38 /* BlueskyListServicing.swift */; };
		08EB742F3AE1C460EE990875 /* ModerationWorkspaceStore.swift in Sources */ = {isa = PBXBuildFile; fileRef = 8276C95D84E24D1C7E651B65 /* ModerationWorkspaceStore.swift */; };
		13BF687163F3A2FC9A88AA04 /* AccountSummaryCard.swift in Sources */ = {isa = PBXBuildFile; fileRef = E02F73A9B4075276A0DA42A2 /* AccountSummaryCard.swift */; };
		178D70F028B5C4268AA7124E /* ProfileMembershipModels.swift in Sources */ = {isa = PBXBuildFile; fileRef = AB79ABBA6F2ED069100538D3 /* ProfileMembershipModels.swift */; };
		189FA455C5241B0C5451208C /* AccountStore.swift in Sources */ = {isa = PBXBuildFile; fileRef = D0343E7705C27F52D7BD3B03 /* AccountStore.swift */; };
		1B362E45A02E3DF1A7EF962C /* BlueskyProfileView.swift in Sources */ = {isa = PBXBuildFile; fileRef = 90F621A53763D04B73DCF960 /* BlueskyProfileView.swift */; };
		2A5C54BEF7D9B3596765D3B7 /* ListRowView.swift in Sources */ = {isa = PBXBuildFile; fileRef = 5726B67E2FB6C49AD66393D0 /* ListRowView.swift */; };
		2CB92A8E77AA4D6B6D6AE3A9 /* ListDetailView.swift in Sources */ = {isa = PBXBuildFile; fileRef = 126E29C1EE615694DF95553D /* ListDetailView.swift */; };
		2DD6A7326E46DFC9DFBFE88D /* BlueskyModerationApp.swift in Sources */ = {isa = PBXBuildFile; fileRef = BC391D2CC0B10AF7D5785121 /* BlueskyModerationApp.swift */; };
		34464420AD723967E1569B62 /* ListDetailViewModel.swift in Sources */ = {isa = PBXBuildFile; fileRef = EBE960440B30CBC64A390168 /* ListDetailViewModel.swift */; };
		486CF862075A6505E5BBF479 /* ListsView.swift in Sources */ = {isa = PBXBuildFile; fileRef = DF724B3AC46DD8943DA15180 /* ListsView.swift */; };
		4BE36982C76EB339751B3733 /* AddAccountView.swift in Sources */ = {isa = PBXBuildFile; fileRef = 5D64A8EDD5653B03C85BD04D /* AddAccountView.swift */; };
		4D4A0E7CA1EB679CB9C783C3 /* LiveBlueskyClient.swift in Sources */ = {isa = PBXBuildFile; fileRef = 71F1147B361CE2AA95C77F9A /* LiveBlueskyClient.swift */; };
		4DD5A9A61D05C01F947D6B26 /* KeychainService.swift in Sources */ = {isa = PBXBuildFile; fileRef = BFF191EB15C70F7E9EDEBF65 /* KeychainService.swift */; };
		54C2EF8D797B10C173440B6D /* RootView.swift in Sources */ = {isa = PBXBuildFile; fileRef = 6E74C74F6834686D4C613D35 /* RootView.swift */; };
		57463BDF5FE8746553C8DF37 /* PreviewBlueskyClient.swift in Sources */ = {isa = PBXBuildFile; fileRef = D6BE810AB5A008635BAA3BD1 /* PreviewBlueskyClient.swift */; };
		5E22B125B79A8F3D0697BE2A /* ProfileInspectorViewModel.swift in Sources */ = {isa = PBXBuildFile; fileRef = 24B8DD93DE77C5A5C4DA5283 /* ProfileInspectorViewModel.swift */; };
		60B49F6F117771AD08C7BBC3 /* BlueskyProfileViewModel.swift in Sources */ = {isa = PBXBuildFile; fileRef = 9D493CE6BEC23FAEDADC7AED /* BlueskyProfileViewModel.swift */; };
		717340FD0D8E509C8A2A946D /* BlueskyListMember.swift in Sources */ = {isa = PBXBuildFile; fileRef = 3E071265425B642977F4F283 /* BlueskyListMember.swift */; };
		769FD129FB4226B167ABC9A8 /* BlueskyActorRow.swift in Sources */ = {isa = PBXBuildFile; fileRef = 955786A2EEC90205E3714E5F /* BlueskyActorRow.swift */; };
		808F386501A09A708A6FA847 /* ProfileInspectorViewModelTests.swift in Sources */ = {isa = PBXBuildFile; fileRef = AC53589A50B1C167E514A800 /* ProfileInspectorViewModelTests.swift */; };
		818FB9B3ACB323DBDC411784 /* ProfileInspectorView.swift in Sources */ = {isa = PBXBuildFile; fileRef = 440FEDDE082EAEE9C03C608F /* ProfileInspectorView.swift */; };
		82CBAF902B663768E4D611DC /* AccountChip.swift in Sources */ = {isa = PBXBuildFile; fileRef = E62D1726B87CDC5F70DF05EB /* AccountChip.swift */; };
		9DDC086668CD4E5B2A2D0963 /* SettingsView.swift in Sources */ = {isa = PBXBuildFile; fileRef = 1A910BA174672E7A0D03AFED /* SettingsView.swift */; };
		A9DFAF09C7006932F7F4EEF2 /* AccountRowView.swift in Sources */ = {isa = PBXBuildFile; fileRef = 500B2D05B92EA8C76FB83EFD /* AccountRowView.swift */; };
		AA40D44DFBE3BE3807034AE4 /* AppLogger.swift in Sources */ = {isa = PBXBuildFile; fileRef = 2BBAF9ED6126620E1729E736 /* AppLogger.swift */; };
		ABFCB705F3EF28B376E27AE3 /* ListsViewModel.swift in Sources */ = {isa = PBXBuildFile; fileRef = 5B209B0F15D6518DF3A8F996 /* ListsViewModel.swift */; };
		B3326FFFD84B1C034E066A64 /* AccountSwitcherSheet.swift in Sources */ = {isa = PBXBuildFile; fileRef = EA7FBB1661AB736F578D68EA /* AccountSwitcherSheet.swift */; };
		B90585D2016E034BC9D25A68 /* ModerationWorkspaceStoreTests.swift in Sources */ = {isa = PBXBuildFile; fileRef = EAD663120FE1E51A2441DBD9 /* ModerationWorkspaceStoreTests.swift */; };
		BB85B48F5FB424C42266DEDB /* BlueskyProfileInspecting.swift in Sources */ = {isa = PBXBuildFile; fileRef = 54B1E02BE44CA22084439787 /* BlueskyProfileInspecting.swift */; };
		BCB345A8FC2C437F7F8D790D /* InfoView.swift in Sources */ = {isa = PBXBuildFile; fileRef = 2F0F3BEAA37A7079BA3DE52B /* InfoView.swift */; };
		BDF8395A7521312660E32084 /* BlueskyActor.swift in Sources */ = {isa = PBXBuildFile; fileRef = A28FAFCF58F647BD69091D56 /* BlueskyActor.swift */; };
		BE687452B0CF1076EFB538B2 /* Assets.xcassets in Resources */ = {isa = PBXBuildFile; fileRef = 53649A49B5C112C35534FB0D /* Assets.xcassets */; };
		C83A3BE167467FF43C0ABAEF /* BlueskyProfile.swift in Sources */ = {isa = PBXBuildFile; fileRef = 6B80E5E2025B8AA5882C4DF2 /* BlueskyProfile.swift */; };
		D61EDB1289462368B28C579D /* BlueskyList.swift in Sources */ = {isa = PBXBuildFile; fileRef = 8024A6F4F98C08C9D5523C72 /* BlueskyList.swift */; };
		D8C2721E53E07E05A76EDF71 /* ActorSearchResultRow.swift in Sources */ = {isa = PBXBuildFile; fileRef = D8CB9DF2B9A1EF17F60EBFAB /* ActorSearchResultRow.swift */; };
		DDD604A9F008B2000E73FCC0 /* Color+BlueskyModeration.swift in Sources */ = {isa = PBXBuildFile; fileRef = 7D7DE549B3D37C1D71F6E56E /* Color+BlueskyModeration.swift */; };
		E14D5EE07F4C332E0713DE3C /* AppError.swift in Sources */ = {isa = PBXBuildFile; fileRef = 818C1FF1BC72D8596CCBB0F0 /* AppError.swift */; };
		E4FED0E311A32EE25C4835BD /* AppAccount.swift in Sources */ = {isa = PBXBuildFile; fileRef = 9B75DDE6EF1B1F01473C8449 /* AppAccount.swift */; };
		EEBB7813658D23C8A1D4FA20 /* AccountsView.swift in Sources */ = {isa = PBXBuildFile; fileRef = 7AF223F570DF09EE7169CC2B /* AccountsView.swift */; };
/* End PBXBuildFile section */

/* Begin PBXContainerItemProxy section */
		98E5ECD67FA05F33E5C002FC /* PBXContainerItemProxy */ = {
			isa = PBXContainerItemProxy;
			containerPortal = 2A3FD4F02C5D5F10C6DFE927 /* Project object */;
			proxyType = 1;
			remoteGlobalIDString = 0608BB4380516450DC5105DF;
			remoteInfo = BlueskyModeration;
		};
/* End PBXContainerItemProxy section */

/* Begin PBXFileReference section */
		126E29C1EE615694DF95553D /* ListDetailView.swift */ = {isa = PBXFileReference; lastKnownFileType = sourcecode.swift; path = ListDetailView.swift; sourceTree = "<group>"; };
		1A910BA174672E7A0D03AFED /* SettingsView.swift */ = {isa = PBXFileReference; lastKnownFileType = sourcecode.swift; path = SettingsView.swift; sourceTree = "<group>"; };
		24B8DD93DE77C5A5C4DA5283 /* ProfileInspectorViewModel.swift */ = {isa = PBXFileReference; lastKnownFileType = sourcecode.swift; path = ProfileInspectorViewModel.swift; sourceTree = "<group>"; };
		2BBAF9ED6126620E1729E736 /* AppLogger.swift */ = {isa = PBXFileReference; lastKnownFileType = sourcecode.swift; path = AppLogger.swift; sourceTree = "<group>"; };
		2F0F3BEAA37A7079BA3DE52B /* InfoView.swift */ = {isa = PBXFileReference; lastKnownFileType = sourcecode.swift; path = InfoView.swift; sourceTree = "<group>"; };
		3E071265425B642977F4F283 /* BlueskyListMember.swift */ = {isa = PBXFileReference; lastKnownFileType = sourcecode.swift; path = BlueskyListMember.swift; sourceTree = "<group>"; };
		440FEDDE082EAEE9C03C608F /* ProfileInspectorView.swift */ = {isa = PBXFileReference; lastKnownFileType = sourcecode.swift; path = ProfileInspectorView.swift; sourceTree = "<group>"; };
		500B2D05B92EA8C76FB83EFD /* AccountRowView.swift */ = {isa = PBXFileReference; lastKnownFileType = sourcecode.swift; path = AccountRowView.swift; sourceTree = "<group>"; };
		53649A49B5C112C35534FB0D /* Assets.xcassets */ = {isa = PBXFileReference; lastKnownFileType = folder.assetcatalog; path = Assets.xcassets; sourceTree = "<group>"; };
		54B1E02BE44CA22084439787 /* BlueskyProfileInspecting.swift */ = {isa = PBXFileReference; lastKnownFileType = sourcecode.swift; path = BlueskyProfileInspecting.swift; sourceTree = "<group>"; };
		5726B67E2FB6C49AD66393D0 /* ListRowView.swift */ = {isa = PBXFileReference; lastKnownFileType = sourcecode.swift; path = ListRowView.swift; sourceTree = "<group>"; };
		5B209B0F15D6518DF3A8F996 /* ListsViewModel.swift */ = {isa = PBXFileReference; lastKnownFileType = sourcecode.swift; path = ListsViewModel.swift; sourceTree = "<group>"; };
		5D64A8EDD5653B03C85BD04D /* AddAccountView.swift */ = {isa = PBXFileReference; lastKnownFileType = sourcecode.swift; path = AddAccountView.swift; sourceTree = "<group>"; };
		6B80E5E2025B8AA5882C4DF2 /* BlueskyProfile.swift */ = {isa = PBXFileReference; lastKnownFileType = sourcecode.swift; path = BlueskyProfile.swift; sourceTree = "<group>"; };
		6E74C74F6834686D4C613D35 /* RootView.swift */ = {isa = PBXFileReference; lastKnownFileType = sourcecode.swift; path = RootView.swift; sourceTree = "<group>"; };
		71F1147B361CE2AA95C77F9A /* LiveBlueskyClient.swift */ = {isa = PBXFileReference; lastKnownFileType = sourcecode.swift; path = LiveBlueskyClient.swift; sourceTree = "<group>"; };
		7AF223F570DF09EE7169CC2B /* AccountsView.swift */ = {isa = PBXFileReference; lastKnownFileType = sourcecode.swift; path = AccountsView.swift; sourceTree = "<group>"; };
		7D7DE549B3D37C1D71F6E56E /* Color+BlueskyModeration.swift */ = {isa = PBXFileReference; lastKnownFileType = sourcecode.swift; path = "Color+BlueskyModeration.swift"; sourceTree = "<group>"; };
		7E19ABD0130D0DC00A52ED38 /* BlueskyListServicing.swift */ = {isa = PBXFileReference; lastKnownFileType = sourcecode.swift; path = BlueskyListServicing.swift; sourceTree = "<group>"; };
		8024A6F4F98C08C9D5523C72 /* BlueskyList.swift */ = {isa = PBXFileReference; lastKnownFileType = sourcecode.swift; path = BlueskyList.swift; sourceTree = "<group>"; };
		818C1FF1BC72D8596CCBB0F0 /* AppError.swift */ = {isa = PBXFileReference; lastKnownFileType = sourcecode.swift; path = AppError.swift; sourceTree = "<group>"; };
		8276C95D84E24D1C7E651B65 /* ModerationWorkspaceStore.swift */ = {isa = PBXFileReference; lastKnownFileType = sourcecode.swift; path = ModerationWorkspaceStore.swift; sourceTree = "<group>"; };
		90F621A53763D04B73DCF960 /* BlueskyProfileView.swift */ = {isa = PBXFileReference; lastKnownFileType = sourcecode.swift; path = BlueskyProfileView.swift; sourceTree = "<group>"; };
		955786A2EEC90205E3714E5F /* BlueskyActorRow.swift */ = {isa = PBXFileReference; lastKnownFileType = sourcecode.swift; path = BlueskyActorRow.swift; sourceTree = "<group>"; };
		9B75DDE6EF1B1F01473C8449 /* AppAccount.swift */ = {isa = PBXFileReference; lastKnownFileType = sourcecode.swift; path = AppAccount.swift; sourceTree = "<group>"; };
		9D493CE6BEC23FAEDADC7AED /* BlueskyProfileViewModel.swift */ = {isa = PBXFileReference; lastKnownFileType = sourcecode.swift; path = BlueskyProfileViewModel.swift; sourceTree = "<group>"; };
		A28FAFCF58F647BD69091D56 /* BlueskyActor.swift */ = {isa = PBXFileReference; lastKnownFileType = sourcecode.swift; path = BlueskyActor.swift; sourceTree = "<group>"; };
		AA8D879CEE0CCABEBCC5C909 /* BlueskyModerationTests.xctest */ = {isa = PBXFileReference; includeInIndex = 0; lastKnownFileType = wrapper.cfbundle; path = BlueskyModerationTests.xctest; sourceTree = BUILT_PRODUCTS_DIR; };
		AB79ABBA6F2ED069100538D3 /* ProfileMembershipModels.swift */ = {isa = PBXFileReference; lastKnownFileType = sourcecode.swift; path = ProfileMembershipModels.swift; sourceTree = "<group>"; };
		AC53589A50B1C167E514A800 /* ProfileInspectorViewModelTests.swift */ = {isa = PBXFileReference; lastKnownFileType = sourcecode.swift; path = ProfileInspectorViewModelTests.swift; sourceTree = "<group>"; };
		BC391D2CC0B10AF7D5785121 /* BlueskyModerationApp.swift */ = {isa = PBXFileReference; lastKnownFileType = sourcecode.swift; path = BlueskyModerationApp.swift; sourceTree = "<group>"; };
		BFF191EB15C70F7E9EDEBF65 /* KeychainService.swift */ = {isa = PBXFileReference; lastKnownFileType = sourcecode.swift; path = KeychainService.swift; sourceTree = "<group>"; };
		C90099ED0910E3AD55FA3EE7 /* BlueskyModeration.app */ = {isa = PBXFileReference; explicitFileType = wrapper.application; includeInIndex = 0; path = BlueskyModeration.app; sourceTree = BUILT_PRODUCTS_DIR; };
		D0343E7705C27F52D7BD3B03 /* AccountStore.swift */ = {isa = PBXFileReference; lastKnownFileType = sourcecode.swift; path = AccountStore.swift; sourceTree = "<group>"; };
		D6BE810AB5A008635BAA3BD1 /* PreviewBlueskyClient.swift */ = {isa = PBXFileReference; lastKnownFileType = sourcecode.swift; path = PreviewBlueskyClient.swift; sourceTree = "<group>"; };
		D8CB9DF2B9A1EF17F60EBFAB /* ActorSearchResultRow.swift */ = {isa = PBXFileReference; lastKnownFileType = sourcecode.swift; path = ActorSearchResultRow.swift; sourceTree = "<group>"; };
		DF724B3AC46DD8943DA15180 /* ListsView.swift */ = {isa = PBXFileReference; lastKnownFileType = sourcecode.swift; path = ListsView.swift; sourceTree = "<group>"; };
		E02F73A9B4075276A0DA42A2 /* AccountSummaryCard.swift */ = {isa = PBXFileReference; lastKnownFileType = sourcecode.swift; path = AccountSummaryCard.swift; sourceTree = "<group>"; };
		E62D1726B87CDC5F70DF05EB /* AccountChip.swift */ = {isa = PBXFileReference; lastKnownFileType = sourcecode.swift; path = AccountChip.swift; sourceTree = "<group>"; };
		EA7FBB1661AB736F578D68EA /* AccountSwitcherSheet.swift */ = {isa = PBXFileReference; lastKnownFileType = sourcecode.swift; path = AccountSwitcherSheet.swift; sourceTree = "<group>"; };
		EAD663120FE1E51A2441DBD9 /* ModerationWorkspaceStoreTests.swift */ = {isa = PBXFileReference; lastKnownFileType = sourcecode.swift; path = ModerationWorkspaceStoreTests.swift; sourceTree = "<group>"; };
		EBE960440B30CBC64A390168 /* ListDetailViewModel.swift */ = {isa = PBXFileReference; lastKnownFileType = sourcecode.swift; path = ListDetailViewModel.swift; sourceTree = "<group>"; };
/* End PBXFileReference section */

/* Begin PBXGroup section */
		0E8E7C36D902FC6A66A08A95 /* Shared */ = {
			isa = PBXGroup;
			children = (
				DEE35FCD50996D2AF59F8C5C /* Components */,
				9B701020A828B1CC125C3D35 /* Support */,
				13E9D686DC7484A14B46E1D1 /* Theme */,
			);
			path = Shared;
			sourceTree = "<group>";
		};
		13E9D686DC7484A14B46E1D1 /* Theme */ = {
			isa = PBXGroup;
			children = (
				7D7DE549B3D37C1D71F6E56E /* Color+BlueskyModeration.swift */,
			);
			path = Theme;
			sourceTree = "<group>";
		};
		2C66AC571494875A467CE391 /* Products */ = {
			isa = PBXGroup;
			children = (
				C90099ED0910E3AD55FA3EE7 /* BlueskyModeration.app */,
				AA8D879CEE0CCABEBCC5C909 /* BlueskyModerationTests.xctest */,
			);
			name = Products;
			sourceTree = "<group>";
		};
		30D460E4F2BBD4BF88567A39 /* Accounts */ = {
			isa = PBXGroup;
			children = (
				500B2D05B92EA8C76FB83EFD /* AccountRowView.swift */,
				7AF223F570DF09EE7169CC2B /* AccountsView.swift */,
				5D64A8EDD5653B03C85BD04D /* AddAccountView.swift */,
			);
			path = Accounts;
			sourceTree = "<group>";
		};
		621698A9FC68F77DFAFDC6CA /* App */ = {
			isa = PBXGroup;
			children = (
				BC391D2CC0B10AF7D5785121 /* BlueskyModerationApp.swift */,
				2F0F3BEAA37A7079BA3DE52B /* InfoView.swift */,
				6E74C74F6834686D4C613D35 /* RootView.swift */,
				1A910BA174672E7A0D03AFED /* SettingsView.swift */,
			);
			path = App;
			sourceTree = "<group>";
		};
		6ED80CBED49F9449459FB96D /* BlueskyModerationTests */ = {
			isa = PBXGroup;
			children = (
				EAD663120FE1E51A2441DBD9 /* ModerationWorkspaceStoreTests.swift */,
				AC53589A50B1C167E514A800 /* ProfileInspectorViewModelTests.swift */,
			);
			path = BlueskyModerationTests;
			sourceTree = "<group>";
		};
		7866046630E2B2FB9CD3F858 /* Tests */ = {
			isa = PBXGroup;
			children = (
				6ED80CBED49F9449459FB96D /* BlueskyModerationTests */,
			);
			path = Tests;
			sourceTree = "<group>";
		};
		8C8C4BAB839295B448E5CB46 /* Lists */ = {
			isa = PBXGroup;
			children = (
				90F621A53763D04B73DCF960 /* BlueskyProfileView.swift */,
				9D493CE6BEC23FAEDADC7AED /* BlueskyProfileViewModel.swift */,
				126E29C1EE615694DF95553D /* ListDetailView.swift */,
				EBE960440B30CBC64A390168 /* ListDetailViewModel.swift */,
				5726B67E2FB6C49AD66393D0 /* ListRowView.swift */,
				DF724B3AC46DD8943DA15180 /* ListsView.swift */,
				5B209B0F15D6518DF3A8F996 /* ListsViewModel.swift */,
			);
			path = Lists;
			sourceTree = "<group>";
		};
		8E32C1353A6200DF268DB011 /* Sources */ = {
			isa = PBXGroup;
			children = (
				621698A9FC68F77DFAFDC6CA /* App */,
				EDAC24BF1A9E7EF77CFF2D44 /* Domain */,
				C68EEE8366B56A96BEA99017 /* Features */,
				0E8E7C36D902FC6A66A08A95 /* Shared */,
			);
			path = Sources;
			sourceTree = "<group>";
		};
		9B701020A828B1CC125C3D35 /* Support */ = {
			isa = PBXGroup;
			children = (
				818C1FF1BC72D8596CCBB0F0 /* AppError.swift */,
				2BBAF9ED6126620E1729E736 /* AppLogger.swift */,
			);
			path = Support;
			sourceTree = "<group>";
		};
		AD44E76E782CA89924E30F6D /* Services */ = {
			isa = PBXGroup;
			children = (
				D0343E7705C27F52D7BD3B03 /* AccountStore.swift */,
				7E19ABD0130D0DC00A52ED38 /* BlueskyListServicing.swift */,
				54B1E02BE44CA22084439787 /* BlueskyProfileInspecting.swift */,
				BFF191EB15C70F7E9EDEBF65 /* KeychainService.swift */,
				71F1147B361CE2AA95C77F9A /* LiveBlueskyClient.swift */,
				8276C95D84E24D1C7E651B65 /* ModerationWorkspaceStore.swift */,
				D6BE810AB5A008635BAA3BD1 /* PreviewBlueskyClient.swift */,
			);
			path = Services;
			sourceTree = "<group>";
		};
		B0D0E0BB045E29D4E330FDD2 /* Models */ = {
			isa = PBXGroup;
			children = (
				9B75DDE6EF1B1F01473C8449 /* AppAccount.swift */,
				A28FAFCF58F647BD69091D56 /* BlueskyActor.swift */,
				8024A6F4F98C08C9D5523C72 /* BlueskyList.swift */,
				3E071265425B642977F4F283 /* BlueskyListMember.swift */,
				6B80E5E2025B8AA5882C4DF2 /* BlueskyProfile.swift */,
				AB79ABBA6F2ED069100538D3 /* ProfileMembershipModels.swift */,
			);
			path = Models;
			sourceTree = "<group>";
		};
		C68EEE8366B56A96BEA99017 /* Features */ = {
			isa = PBXGroup;
			children = (
				30D460E4F2BBD4BF88567A39 /* Accounts */,
				8C8C4BAB839295B448E5CB46 /* Lists */,
				E7780489900E2AAA732149C9 /* Profile */,
			);
			path = Features;
			sourceTree = "<group>";
		};
		DEE35FCD50996D2AF59F8C5C /* Components */ = {
			isa = PBXGroup;
			children = (
				E62D1726B87CDC5F70DF05EB /* AccountChip.swift */,
				E02F73A9B4075276A0DA42A2 /* AccountSummaryCard.swift */,
				EA7FBB1661AB736F578D68EA /* AccountSwitcherSheet.swift */,
				D8CB9DF2B9A1EF17F60EBFAB /* ActorSearchResultRow.swift */,
				955786A2EEC90205E3714E5F /* BlueskyActorRow.swift */,
			);
			path = Components;
			sourceTree = "<group>";
		};
		E3E5A87160FC7A7A96A2CAA2 /* Assets */ = {
			isa = PBXGroup;
			children = (
				53649A49B5C112C35534FB0D /* Assets.xcassets */,
			);
			path = Assets;
			sourceTree = "<group>";
		};
		E7780489900E2AAA732149C9 /* Profile */ = {
			isa = PBXGroup;
			children = (
				440FEDDE082EAEE9C03C608F /* ProfileInspectorView.swift */,
				24B8DD93DE77C5A5C4DA5283 /* ProfileInspectorViewModel.swift */,
			);
			path = Profile;
			sourceTree = "<group>";
		};
		EDAC24BF1A9E7EF77CFF2D44 /* Domain */ = {
			isa = PBXGroup;
			children = (
				B0D0E0BB045E29D4E330FDD2 /* Models */,
				AD44E76E782CA89924E30F6D /* Services */,
			);
			path = Domain;
			sourceTree = "<group>";
		};
		FDC5A6AE09C10E0CB88AB48F = {
			isa = PBXGroup;
			children = (
				E3E5A87160FC7A7A96A2CAA2 /* Assets */,
				8E32C1353A6200DF268DB011 /* Sources */,
				7866046630E2B2FB9CD3F858 /* Tests */,
				2C66AC571494875A467CE391 /* Products */,
			);
			sourceTree = "<group>";
		};
/* End PBXGroup section */

/* Begin PBXNativeTarget section */
		0608BB4380516450DC5105DF /* BlueskyModeration */ = {
			isa = PBXNativeTarget;
			buildConfigurationList = C9325A2D352AE1B1F855996B /* Build configuration list for PBXNativeTarget "BlueskyModeration" */;
			buildPhases = (
				E0DB55B7BD071FC231FED44C /* Sources */,
				0112E3AD0635514D9AB0A10F /* Resources */,
			);
			buildRules = (
			);
			dependencies = (
			);
			name = BlueskyModeration;
			packageProductDependencies = (
			);
			productName = BlueskyModeration;
			productReference = C90099ED0910E3AD55FA3EE7 /* BlueskyModeration.app */;
			productType = "com.apple.product-type.application";
		};
		BB78A64869C0B0E9C7DFE2F2 /* BlueskyModerationTests */ = {
			isa = PBXNativeTarget;
			buildConfigurationList = 642621680D73514531F8087D /* Build configuration list for PBXNativeTarget "BlueskyModerationTests" */;
			buildPhases = (
				44AC9DAFE418E7257BAAC4FC /* Sources */,
			);
			buildRules = (
			);
			dependencies = (
				3C56D25A5900692ECDF89B30 /* PBXTargetDependency */,
			);
			name = BlueskyModerationTests;
			packageProductDependencies = (
			);
			productName = BlueskyModerationTests;
			productReference = AA8D879CEE0CCABEBCC5C909 /* BlueskyModerationTests.xctest */;
			productType = "com.apple.product-type.bundle.unit-test";
		};
/* End PBXNativeTarget section */

/* Begin PBXProject section */
		2A3FD4F02C5D5F10C6DFE927 /* Project object */ = {
			isa = PBXProject;
			attributes = {
				BuildIndependentTargetsInParallel = YES;
				LastUpgradeCheck = 1430;
				TargetAttributes = {
					BB78A64869C0B0E9C7DFE2F2 = {
						DevelopmentTeam = "";
					};
				};
			};
			buildConfigurationList = 4EBE9F5E9519F52577788232 /* Build configuration list for PBXProject "BlueskyModeration" */;
			developmentRegion = en;
			hasScannedForEncodings = 0;
			knownRegions = (
				Base,
				en,
			);
			mainGroup = FDC5A6AE09C10E0CB88AB48F;
			minimizedProjectReferenceProxies = 1;
			preferredProjectObjectVersion = 77;
			productRefGroup = 2C66AC571494875A467CE391 /* Products */;
			projectDirPath = "";
			projectRoot = "";
			targets = (
				0608BB4380516450DC5105DF /* BlueskyModeration */,
				BB78A64869C0B0E9C7DFE2F2 /* BlueskyModerationTests */,
			);
		};
/* End PBXProject section */

/* Begin PBXResourcesBuildPhase section */
		0112E3AD0635514D9AB0A10F /* Resources */ = {
			isa = PBXResourcesBuildPhase;
			buildActionMask = 2147483647;
			files = (
				BE687452B0CF1076EFB538B2 /* Assets.xcassets in Resources */,
			);
			runOnlyForDeploymentPostprocessing = 0;
		};
/* End PBXResourcesBuildPhase section */

/* Begin PBXSourcesBuildPhase section */
		44AC9DAFE418E7257BAAC4FC /* Sources */ = {
			isa = PBXSourcesBuildPhase;
			buildActionMask = 2147483647;
			files = (
				B90585D2016E034BC9D25A68 /* ModerationWorkspaceStoreTests.swift in Sources */,
				808F386501A09A708A6FA847 /* ProfileInspectorViewModelTests.swift in Sources */,
			);
			runOnlyForDeploymentPostprocessing = 0;
		};
		E0DB55B7BD071FC231FED44C /* Sources */ = {
			isa = PBXSourcesBuildPhase;
			buildActionMask = 2147483647;
			files = (
				82CBAF902B663768E4D611DC /* AccountChip.swift in Sources */,
				A9DFAF09C7006932F7F4EEF2 /* AccountRowView.swift in Sources */,
				189FA455C5241B0C5451208C /* AccountStore.swift in Sources */,
				13BF687163F3A2FC9A88AA04 /* AccountSummaryCard.swift in Sources */,
				B3326FFFD84B1C034E066A64 /* AccountSwitcherSheet.swift in Sources */,
				EEBB7813658D23C8A1D4FA20 /* AccountsView.swift in Sources */,
				D8C2721E53E07E05A76EDF71 /* ActorSearchResultRow.swift in Sources */,
				4BE36982C76EB339751B3733 /* AddAccountView.swift in Sources */,
				E4FED0E311A32EE25C4835BD /* AppAccount.swift in Sources */,
				E14D5EE07F4C332E0713DE3C /* AppError.swift in Sources */,
				AA40D44DFBE3BE3807034AE4 /* AppLogger.swift in Sources */,
				BDF8395A7521312660E32084 /* BlueskyActor.swift in Sources */,
				769FD129FB4226B167ABC9A8 /* BlueskyActorRow.swift in Sources */,
				D61EDB1289462368B28C579D /* BlueskyList.swift in Sources */,
				717340FD0D8E509C8A2A946D /* BlueskyListMember.swift in Sources */,
				0512C626C2B7E63DA47027D6 /* BlueskyListServicing.swift in Sources */,
				2DD6A7326E46DFC9DFBFE88D /* BlueskyModerationApp.swift in Sources */,
				C83A3BE167467FF43C0ABAEF /* BlueskyProfile.swift in Sources */,
				BB85B48F5FB424C42266DEDB /* BlueskyProfileInspecting.swift in Sources */,
				1B362E45A02E3DF1A7EF962C /* BlueskyProfileView.swift in Sources */,
				60B49F6F117771AD08C7BBC3 /* BlueskyProfileViewModel.swift in Sources */,
				DDD604A9F008B2000E73FCC0 /* Color+BlueskyModeration.swift in Sources */,
				BCB345A8FC2C437F7F8D790D /* InfoView.swift in Sources */,
				4DD5A9A61D05C01F947D6B26 /* KeychainService.swift in Sources */,
				2CB92A8E77AA4D6B6D6AE3A9 /* ListDetailView.swift in Sources */,
				34464420AD723967E1569B62 /* ListDetailViewModel.swift in Sources */,
				2A5C54BEF7D9B3596765D3B7 /* ListRowView.swift in Sources */,
				486CF862075A6505E5BBF479 /* ListsView.swift in Sources */,
				ABFCB705F3EF28B376E27AE3 /* ListsViewModel.swift in Sources */,
				4D4A0E7CA1EB679CB9C783C3 /* LiveBlueskyClient.swift in Sources */,
				08EB742F3AE1C460EE990875 /* ModerationWorkspaceStore.swift in Sources */,
				57463BDF5FE8746553C8DF37 /* PreviewBlueskyClient.swift in Sources */,
				818FB9B3ACB323DBDC411784 /* ProfileInspectorView.swift in Sources */,
				5E22B125B79A8F3D0697BE2A /* ProfileInspectorViewModel.swift in Sources */,
				178D70F028B5C4268AA7124E /* ProfileMembershipModels.swift in Sources */,
				54C2EF8D797B10C173440B6D /* RootView.swift in Sources */,
				9DDC086668CD4E5B2A2D0963 /* SettingsView.swift in Sources */,
			);
			runOnlyForDeploymentPostprocessing = 0;
		};
/* End PBXSourcesBuildPhase section */

/* Begin PBXTargetDependency section */
		3C56D25A5900692ECDF89B30 /* PBXTargetDependency */ = {
			isa = PBXTargetDependency;
			target = 0608BB4380516450DC5105DF /* BlueskyModeration */;
			targetProxy = 98E5ECD67FA05F33E5C002FC /* PBXContainerItemProxy */;
		};
/* End PBXTargetDependency section */

/* Begin XCBuildConfiguration section */
		20B322FB2C68B626E8B782CF /* Debug */ = {
			isa = XCBuildConfiguration;
			buildSettings = {
				BUNDLE_LOADER = "$(TEST_HOST)";
				GENERATE_INFOPLIST_FILE = YES;
				LD_RUNPATH_SEARCH_PATHS = (
					"$(inherited)",
					"@executable_path/Frameworks",
					"@loader_path/Frameworks",
				);
				PRODUCT_BUNDLE_IDENTIFIER = com.ajung.BlueskyModerationTests;
				PRODUCT_NAME = BlueskyModerationTests;
				SDKROOT = iphoneos;
				TARGETED_DEVICE_FAMILY = "1,2";
				TEST_HOST = "$(BUILT_PRODUCTS_DIR)/BlueskyModeration.app/BlueskyModeration";
			};
			name = Debug;
		};
		2BBC2AA3AC3ADF5D4E9F3B64 /* Release */ = {
			isa = XCBuildConfiguration;
			buildSettings = {
				BUNDLE_LOADER = "$(TEST_HOST)";
				GENERATE_INFOPLIST_FILE = YES;
				LD_RUNPATH_SEARCH_PATHS = (
					"$(inherited)",
					"@executable_path/Frameworks",
					"@loader_path/Frameworks",
				);
				PRODUCT_BUNDLE_IDENTIFIER = com.ajung.BlueskyModerationTests;
				PRODUCT_NAME = BlueskyModerationTests;
				SDKROOT = iphoneos;
				TARGETED_DEVICE_FAMILY = "1,2";
				TEST_HOST = "$(BUILT_PRODUCTS_DIR)/BlueskyModeration.app/BlueskyModeration";
			};
			name = Release;
		};
		62AF9671C2BD12BF2BAA80BD /* Debug */ = {
			isa = XCBuildConfiguration;
			buildSettings = {
				ALWAYS_SEARCH_USER_PATHS = NO;
				CLANG_ANALYZER_NONNULL = YES;
				CLANG_ANALYZER_NUMBER_OBJECT_CONVERSION = YES_AGGRESSIVE;
				CLANG_CXX_LANGUAGE_STANDARD = "gnu++14";
				CLANG_CXX_LIBRARY = "libc++";
				CLANG_ENABLE_MODULES = YES;
				CLANG_ENABLE_OBJC_ARC = YES;
				CLANG_ENABLE_OBJC_WEAK = YES;
				CLANG_WARN_BLOCK_CAPTURE_AUTORELEASING = YES;
				CLANG_WARN_BOOL_CONVERSION = YES;
				CLANG_WARN_COMMA = YES;
				CLANG_WARN_CONSTANT_CONVERSION = YES;
				CLANG_WARN_DEPRECATED_OBJC_IMPLEMENTATIONS = YES;
				CLANG_WARN_DIRECT_OBJC_ISA_USAGE = YES_ERROR;
				CLANG_WARN_DOCUMENTATION_COMMENTS = YES;
				CLANG_WARN_EMPTY_BODY = YES;
				CLANG_WARN_ENUM_CONVERSION = YES;
				CLANG_WARN_INFINITE_RECURSION = YES;
				CLANG_WARN_INT_CONVERSION = YES;
				CLANG_WARN_NON_LITERAL_NULL_CONVERSION = YES;
				CLANG_WARN_OBJC_IMPLICIT_RETAIN_SELF = YES;
				CLANG_WARN_OBJC_LITERAL_CONVERSION = YES;
				CLANG_WARN_OBJC_ROOT_CLASS = YES_ERROR;
				CLANG_WARN_QUOTED_INCLUDE_IN_FRAMEWORK_HEADER = YES;
				CLANG_WARN_RANGE_LOOP_ANALYSIS = YES;
				CLANG_WARN_STRICT_PROTOTYPES = YES;
				CLANG_WARN_SUSPICIOUS_MOVE = YES;
				CLANG_WARN_UNGUARDED_AVAILABILITY = YES_AGGRESSIVE;
				CLANG_WARN_UNREACHABLE_CODE = YES;
				CLANG_WARN__DUPLICATE_METHOD_MATCH = YES;
				COPY_PHASE_STRIP = NO;
				DEBUG_INFORMATION_FORMAT = dwarf;
				DEVELOPMENT_TEAM = "";
				ENABLE_STRICT_OBJC_MSGSEND = YES;
				ENABLE_TESTABILITY = YES;
				GCC_C_LANGUAGE_STANDARD = gnu11;
				GCC_DYNAMIC_NO_PIC = NO;
				GCC_NO_COMMON_BLOCKS = YES;
				GCC_OPTIMIZATION_LEVEL = 0;
				GCC_PREPROCESSOR_DEFINITIONS = (
					"$(inherited)",
					"DEBUG=1",
				);
				GCC_WARN_64_TO_32_BIT_CONVERSION = YES;
				GCC_WARN_ABOUT_RETURN_TYPE = YES_ERROR;
				GCC_WARN_UNDECLARED_SELECTOR = YES;
				GCC_WARN_UNINITIALIZED_AUTOS = YES_AGGRESSIVE;
				GCC_WARN_UNUSED_FUNCTION = YES;
				GCC_WARN_UNUSED_VARIABLE = YES;
				IPHONEOS_DEPLOYMENT_TARGET = 17.0;
				MTL_ENABLE_DEBUG_INFO = INCLUDE_SOURCE;
				MTL_FAST_MATH = YES;
				ONLY_ACTIVE_ARCH = YES;
				PRODUCT_NAME = BlueskyModeration;
				SDKROOT = iphoneos;
				SWIFT_ACTIVE_COMPILATION_CONDITIONS = DEBUG;
				SWIFT_OPTIMIZATION_LEVEL = "-Onone";
				SWIFT_VERSION = 6.0;
			};
			name = Debug;
		};
		68A5733439108BF472BBD76D /* Release */ = {
			isa = XCBuildConfiguration;
			buildSettings = {
				ALWAYS_SEARCH_USER_PATHS = NO;
				CLANG_ANALYZER_NONNULL = YES;
				CLANG_ANALYZER_NUMBER_OBJECT_CONVERSION = YES_AGGRESSIVE;
				CLANG_CXX_LANGUAGE_STANDARD = "gnu++14";
				CLANG_CXX_LIBRARY = "libc++";
				CLANG_ENABLE_MODULES = YES;
				CLANG_ENABLE_OBJC_ARC = YES;
				CLANG_ENABLE_OBJC_WEAK = YES;
				CLANG_WARN_BLOCK_CAPTURE_AUTORELEASING = YES;
				CLANG_WARN_BOOL_CONVERSION = YES;
				CLANG_WARN_COMMA = YES;
				CLANG_WARN_CONSTANT_CONVERSION = YES;
				CLANG_WARN_DEPRECATED_OBJC_IMPLEMENTATIONS = YES;
				CLANG_WARN_DIRECT_OBJC_ISA_USAGE = YES_ERROR;
				CLANG_WARN_DOCUMENTATION_COMMENTS = YES;
				CLANG_WARN_EMPTY_BODY = YES;
				CLANG_WARN_ENUM_CONVERSION = YES;
				CLANG_WARN_INFINITE_RECURSION = YES;
				CLANG_WARN_INT_CONVERSION = YES;
				CLANG_WARN_NON_LITERAL_NULL_CONVERSION = YES;
				CLANG_WARN_OBJC_IMPLICIT_RETAIN_SELF = YES;
				CLANG_WARN_OBJC_LITERAL_CONVERSION = YES;
				CLANG_WARN_OBJC_ROOT_CLASS = YES_ERROR;
				CLANG_WARN_QUOTED_INCLUDE_IN_FRAMEWORK_HEADER = YES;
				CLANG_WARN_RANGE_LOOP_ANALYSIS = YES;
				CLANG_WARN_STRICT_PROTOTYPES = YES;
				CLANG_WARN_SUSPICIOUS_MOVE = YES;
				CLANG_WARN_UNGUARDED_AVAILABILITY = YES_AGGRESSIVE;
				CLANG_WARN_UNREACHABLE_CODE = YES;
				CLANG_WARN__DUPLICATE_METHOD_MATCH = YES;
				COPY_PHASE_STRIP = NO;
				DEBUG_INFORMATION_FORMAT = "dwarf-with-dsym";
				DEVELOPMENT_TEAM = "";
				ENABLE_NS_ASSERTIONS = NO;
				ENABLE_STRICT_OBJC_MSGSEND = YES;
				GCC_C_LANGUAGE_STANDARD = gnu11;
				GCC_NO_COMMON_BLOCKS = YES;
				GCC_WARN_64_TO_32_BIT_CONVERSION = YES;
				GCC_WARN_ABOUT_RETURN_TYPE = YES_ERROR;
				GCC_WARN_UNDECLARED_SELECTOR = YES;
				GCC_WARN_UNINITIALIZED_AUTOS = YES_AGGRESSIVE;
				GCC_WARN_UNUSED_FUNCTION = YES;
				GCC_WARN_UNUSED_VARIABLE = YES;
				IPHONEOS_DEPLOYMENT_TARGET = 17.0;
				MTL_ENABLE_DEBUG_INFO = NO;
				MTL_FAST_MATH = YES;
				PRODUCT_NAME = BlueskyModeration;
				SDKROOT = iphoneos;
				SWIFT_COMPILATION_MODE = wholemodule;
				SWIFT_OPTIMIZATION_LEVEL = "-O";
				SWIFT_VERSION = 6.0;
			};
			name = Release;
		};
		A316FA01CB1D79E717089034 /* Release */ = {
			isa = XCBuildConfiguration;
			buildSettings = {
				ASSETCATALOG_COMPILER_APPICON_NAME = AppIcon;
				CODE_SIGN_IDENTITY = "iPhone Developer";
				DEVELOPMENT_TEAM = 4PC9Z56E47;
				GENERATE_INFOPLIST_FILE = YES;
				INFOPLIST_KEY_UIApplicationSceneManifest_Generation = YES;
				INFOPLIST_KEY_UIApplicationSupportsIndirectInputEvents = YES;
				INFOPLIST_KEY_UILaunchScreen_Generation = YES;
				INFOPLIST_KEY_UISupportedInterfaceOrientations_iPhone = UIInterfaceOrientationPortrait;
				LD_RUNPATH_SEARCH_PATHS = (
					"$(inherited)",
					"@executable_path/Frameworks",
				);
				PRODUCT_BUNDLE_IDENTIFIER = com.ajung.BlueskyModeration;
				SDKROOT = iphoneos;
				TARGETED_DEVICE_FAMILY = 1;
			};
			name = Release;
		};
		F0C9BC833B8770239AAD981B /* Debug */ = {
			isa = XCBuildConfiguration;
			buildSettings = {
				ASSETCATALOG_COMPILER_APPICON_NAME = AppIcon;
				CODE_SIGN_IDENTITY = "iPhone Developer";
				DEVELOPMENT_TEAM = 4PC9Z56E47;
				GENERATE_INFOPLIST_FILE = YES;
				INFOPLIST_KEY_UIApplicationSceneManifest_Generation = YES;
				INFOPLIST_KEY_UIApplicationSupportsIndirectInputEvents = YES;
				INFOPLIST_KEY_UILaunchScreen_Generation = YES;
				INFOPLIST_KEY_UISupportedInterfaceOrientations_iPhone = UIInterfaceOrientationPortrait;
				LD_RUNPATH_SEARCH_PATHS = (
					"$(inherited)",
					"@executable_path/Frameworks",
				);
				PRODUCT_BUNDLE_IDENTIFIER = com.ajung.BlueskyModeration;
				SDKROOT = iphoneos;
				TARGETED_DEVICE_FAMILY = 1;
			};
			name = Debug;
		};
/* End XCBuildConfiguration section */

/* Begin XCConfigurationList section */
		4EBE9F5E9519F52577788232 /* Build configuration list for PBXProject "BlueskyModeration" */ = {
			isa = XCConfigurationList;
			buildConfigurations = (
				62AF9671C2BD12BF2BAA80BD /* Debug */,
				68A5733439108BF472BBD76D /* Release */,
			);
			defaultConfigurationIsVisible = 0;
			defaultConfigurationName = Debug;
		};
		642621680D73514531F8087D /* Build configuration list for PBXNativeTarget "BlueskyModerationTests" */ = {
			isa = XCConfigurationList;
			buildConfigurations = (
				20B322FB2C68B626E8B782CF /* Debug */,
				2BBC2AA3AC3ADF5D4E9F3B64 /* Release */,
			);
			defaultConfigurationIsVisible = 0;
			defaultConfigurationName = Debug;
		};
		C9325A2D352AE1B1F855996B /* Build configuration list for PBXNativeTarget "BlueskyModeration" */ = {
			isa = XCConfigurationList;
			buildConfigurations = (
				F0C9BC833B8770239AAD981B /* Debug */,
				A316FA01CB1D79E717089034 /* Release */,
			);
			defaultConfigurationIsVisible = 0;
			defaultConfigurationName = Debug;
		};
/* End XCConfigurationList section */
	};
	rootObject = 2A3FD4F02C5D5F10C6DFE927 /* Project object */;
}
